PODS:
  - Alamofire (4.2.0)
  - EVReflection/Alamofire (4.0.6):
    - Alamofire (~> 4.2)
    - EVReflection/Core
  - EVReflection/AlamofireXML (4.0.6):
    - EVReflection/Alamofire
    - EVReflection/XML
  - EVReflection/Core (4.0.6)
  - EVReflection/Moya (4.0.6):
    - EVReflection/Core
    - Moya (~> 8.0)
  - EVReflection/MoyaReactiveSwift (4.0.6):
    - EVReflection/Moya
    - Moya/ReactiveSwift
  - EVReflection/MoyaRxSwift (4.0.6):
    - EVReflection/Moya
    - Moya/RxSwift
  - EVReflection/MoyaXML (4.0.6):
    - EVReflection/Moya
    - EVReflection/XML
  - EVReflection/XML (4.0.6):
    - EVReflection/Core
    - Xml2Dictionary
  - Moya (8.0.0):
    - Moya/Core (= 8.0.0)
  - Moya/Core (8.0.0):
    - Alamofire (~> 4.2.0)
    - Result (~> 3.1.0)
  - Moya/ReactiveSwift (8.0.0):
    - Moya/Core
    - ReactiveSwift (= 1.0.0)
  - Moya/RxSwift (8.0.0):
    - Moya/Core
    - RxSwift (~> 3.1.0)
  - ReactiveSwift (1.0.0):
    - Result (~> 3.1)
  - Result (3.1.0)
  - RxSwift (3.1.0)
  - Xml2Dictionary (1.4)

DEPENDENCIES:
  - EVReflection/AlamofireXML (from `./`)
  - EVReflection/Core (from `./`)
  - EVReflection/MoyaReactiveSwift (from `./`)
  - EVReflection/MoyaRxSwift (from `./`)
  - EVReflection/MoyaXML (from `./`)

EXTERNAL SOURCES:
  EVReflection:
    :path: "./"

SPEC CHECKSUMS:
  Alamofire: aa2e09d871c9160ac53c90e83c68064a94e3dfbe
  EVReflection: 987bb3893563917b2e0066a736add7fc0a2de0bb
  Moya: 850a166ab8241bd1c1cea6dbe012e3a2ad62944a
  ReactiveSwift: f391724ee318a2cfd3e37dfb041cd49ecf4e7869
  Result: 4e3ed5995ed94d0cd6a09be9a431fce3f3624bbf
  RxSwift: 83ff553e7593fdfdcb2562933a64c0284dffdadc
  Xml2Dictionary: 7ffcbb0eef29876b71ae827acfc247051a6f9c06

PODFILE CHECKSUM: 6bf546d6163d241d66b39035bf8aab3c9cb80a95

COCOAPODS: 1.2.0.beta.3
