PODS:
  - Alamofire (4.5.1)
  - EVReflection/Alamofire (5.1.2):
    - Alamofire
    - EVReflection/Core
  - EVReflection/AlamofireXML (5.1.2):
    - EVReflection/Alamofire
    - EVReflection/XML
  - EVReflection/CloudKit (5.1.2):
    - EVReflection/Core
  - EVReflection/Core (5.1.2)
  - EVReflection/CoreData (5.1.2):
    - EVReflection/Core
  - EVReflection/Moya (5.1.2):
    - EVReflection/Alamofire
    - Moya
  - EVReflection/MoyaReactiveSwift (5.1.2):
    - EVReflection/Moya
    - Moya/ReactiveSwift
  - EVReflection/MoyaReactiveSwiftXML (5.1.2):
    - EVReflection/MoyaReactiveSwift
    - EVReflection/MoyaXML
  - EVReflection/MoyaRxSwift (5.1.2):
    - EVReflection/Moya
    - Moya/RxSwift
  - EVReflection/MoyaRxSwiftXML (5.1.2):
    - EVReflection/MoyaRxSwift
    - EVReflection/MoyaXML
  - EVReflection/MoyaXML (5.1.2):
    - EVReflection/AlamofireXML
    - EVReflection/Moya
  - EVReflection/Realm (5.1.2):
    - EVReflection/Core
    - RealmSwift
  - EVReflection/XML (5.1.2):
    - EVReflection/Core
    - XMLDictionary
  - Moya (10.0.0):
    - Moya/Core (= 10.0.0)
  - Moya/Core (10.0.0):
    - Alamofire (~> 4.1)
    - Result (~> 3.0)
  - Moya/ReactiveSwift (10.0.0):
    - Moya/Core
    - ReactiveSwift (~> 2.0)
  - Moya/RxSwift (10.0.0):
    - Moya/Core
    - RxSwift (~> 4.0)
  - ReactiveSwift (2.0.1):
    - Result (~> 3.2)
  - Realm (3.0.0):
    - Realm/Headers (= 3.0.0)
  - Realm/Headers (3.0.0)
  - RealmSwift (3.0.0):
    - Realm (= 3.0.0)
  - Result (3.2.4)
  - RxSwift (4.0.0)
  - XMLDictionary (1.4.1)

DEPENDENCIES:
  - EVReflection/CloudKit (from `./`)
  - EVReflection/Core (from `./`)
  - EVReflection/CoreData (from `./`)
  - EVReflection/MoyaReactiveSwiftXML (from `./`)
  - EVReflection/MoyaRxSwiftXML (from `./`)
  - EVReflection/Realm (from `./`)

EXTERNAL SOURCES:
  EVReflection:
    :path: ./

SPEC CHECKSUMS:
  Alamofire: 2d95912bf4c34f164fdfc335872e8c312acaea4a
  EVReflection: e6ff665fb398384964b566f549be5e4af9aec6ba
  Moya: adb58b0f4e58430db43cc6e2f6ebab1836501186
  ReactiveSwift: 60a29ff35988a964fd2bb759755cb6594de523fc
  Realm: dec0de73be8c57506e39db72694d513c189493b3
  RealmSwift: 44a7090b16d1b22a406c6bf129bdd602db1bbecc
  Result: d2d07204ce72856f1fd9130bbe42c35a7b0fea10
  RxSwift: fd680d75283beb5e2559486f3c0ff852f0d35334
  XMLDictionary: fa07b6ff422b3a91d47a5de9bc82e3fc04fbd167

PODFILE CHECKSUM: 84ba2742e9342fd92583cebf302a88b67fd55589

COCOAPODS: 1.4.0.beta.1
