PODS:
  - Alamofire (5.2.1)
  - EVReflection/Alamofire (5.11.0):
    - Alamofire
    - EVReflection/Core
  - EVReflection/AlamofireXML (5.11.0):
    - EVReflection/Alamofire
    - EVReflection/XML
  - EVReflection/CloudKit (5.11.0):
    - EVReflection/Core
  - EVReflection/Core (5.11.0)
  - EVReflection/CoreData (5.11.0):
    - EVReflection/Core
  - EVReflection/Moya (5.11.0):
    - EVReflection/Alamofire
    - Moya
  - EVReflection/MoyaReactiveSwift (5.11.0):
    - EVReflection/Moya
    - Moya/ReactiveSwift
  - EVReflection/MoyaReactiveSwiftXML (5.11.0):
    - EVReflection/MoyaReactiveSwift
    - EVReflection/MoyaXML
  - EVReflection/MoyaRxSwift (5.11.0):
    - EVReflection/Moya
    - Moya/RxSwift
  - EVReflection/MoyaRxSwiftXML (5.11.0):
    - EVReflection/MoyaRxSwift
    - EVReflection/MoyaXML
  - EVReflection/MoyaXML (5.11.0):
    - EVReflection/AlamofireXML
    - EVReflection/Moya
  - EVReflection/Realm (5.11.0):
    - EVReflection/Core
    - RealmSwift
  - EVReflection/XML (5.11.0):
    - EVReflection/Core
    - XMLDictionary
  - Moya (14.0.0):
    - Moya/Core (= 14.0.0)
  - Moya/Core (14.0.0):
    - Alamofire (~> 5.0)
  - Moya/ReactiveSwift (14.0.0):
    - Moya/Core
    - ReactiveSwift (~> 6.0)
  - Moya/RxSwift (14.0.0):
    - Moya/Core
    - RxSwift (~> 5.0)
  - ReactiveSwift (6.3.0)
  - Realm (5.0.3):
    - Realm/Headers (= 5.0.3)
  - Realm/Headers (5.0.3)
  - RealmSwift (5.0.3):
    - Realm (= 5.0.3)
  - RxSwift (5.1.1)
  - XMLDictionary (1.4.1)

DEPENDENCIES:
  - EVReflection/CloudKit (from `./`)
  - EVReflection/Core (from `./`)
  - EVReflection/CoreData (from `./`)
  - EVReflection/MoyaReactiveSwiftXML (from `./`)
  - EVReflection/MoyaRxSwiftXML (from `./`)
  - EVReflection/Realm (from `./`)

SPEC REPOS:
  https://github.com/CocoaPods/Specs.git:
    - Alamofire
    - Moya
    - ReactiveSwift
    - Realm
    - RealmSwift
    - RxSwift
    - XMLDictionary

EXTERNAL SOURCES:
  EVReflection:
    :path: "./"

SPEC CHECKSUMS:
  Alamofire: e911732990610fe89af59ac0077f923d72dc3dfd
  EVReflection: daec265789eb4570fcbe9c85e7a5871ecd399ce6
  Moya: 5b45dacb75adb009f97fde91c204c1e565d31916
  ReactiveSwift: 7937f26ec18d555e2a99352bd0a8b2817d1f042d
  Realm: bfca1699b61b0b17c3a69ae0e648314eae91fbdb
  RealmSwift: 493c9f089cd3893b3959007973c0e4f640906ba0
  RxSwift: 81470a2074fa8780320ea5fe4102807cb7118178
  XMLDictionary: fa07b6ff422b3a91d47a5de9bc82e3fc04fbd167

PODFILE CHECKSUM: 389ee969d967b8d272093643cd0fa7efc20901b5

COCOAPODS: 1.8.4
