// !$*UTF8*$!
{
	archiveVersion = 1;
	classes = {
	};
	objectVersion = 46;
	objects = {

/* Begin PBXBuildFile section */
		7F07C5881AF10437000DF1F3 /* EVReflection.swift in Sources */ = {isa = PBXBuildFile; fileRef = 7F07C5841AF10284000DF1F3 /* EVReflection.swift */; };
		7F07C58F1AF11861000DF1F3 /* EVReflection.podspec in Resources */ = {isa = PBXBuildFile; fileRef = 7F07C58D1AF11861000DF1F3 /* EVReflection.podspec */; };
		7F07C5901AF11861000DF1F3 /* LICENSE in Resources */ = {isa = PBXBuildFile; fileRef = 7F07C58E1AF11861000DF1F3 /* LICENSE */; };
		7F0E5E5A1AF4D94000A10E51 /* EVObject.swift in Sources */ = {isa = PBXBuildFile; fileRef = 7F0E5E591AF4D94000A10E51 /* EVObject.swift */; };
		7F1BA5271B971CBF009F9DB8 /* EVExtensions.swift in Sources */ = {isa = PBXBuildFile; fileRef = 7F1BA5261B971CBF009F9DB8 /* EVExtensions.swift */; settings = {ASSET_TAGS = (); }; };
		7F3E192A1B8526CA00A6E6C6 /* EVObjectDescription.swift in Sources */ = {isa = PBXBuildFile; fileRef = 7F3E19291B8526CA00A6E6C6 /* EVObjectDescription.swift */; };
		7F41ECA51B91F2E0003A2236 /* TestObjects.swift in Sources */ = {isa = PBXBuildFile; fileRef = 7F41ECA41B91F2E0003A2236 /* TestObjects.swift */; settings = {ASSET_TAGS = (); }; };
		7F41ECAD1B91F306003A2236 /* EVObjectDescriptionTest.swift in Sources */ = {isa = PBXBuildFile; fileRef = 7F41ECA61B91F306003A2236 /* EVObjectDescriptionTest.swift */; settings = {ASSET_TAGS = (); }; };
		7F41ECAE1B91F306003A2236 /* EVReflectionJsonTests.swift in Sources */ = {isa = PBXBuildFile; fileRef = 7F41ECA71B91F306003A2236 /* EVReflectionJsonTests.swift */; settings = {ASSET_TAGS = (); }; };
		7F41ECAF1B91F306003A2236 /* EVReflectionTests.swift in Sources */ = {isa = PBXBuildFile; fileRef = 7F41ECA81B91F306003A2236 /* EVReflectionTests.swift */; settings = {ASSET_TAGS = (); }; };
		7F41ECB01B91F306003A2236 /* ProfilePhotoUrlListTest.swift in Sources */ = {isa = PBXBuildFile; fileRef = 7F41ECA91B91F306003A2236 /* ProfilePhotoUrlListTest.swift */; settings = {ASSET_TAGS = (); }; };
		7F41ECB11B91F306003A2236 /* WorkaroundEnumTest.swift in Sources */ = {isa = PBXBuildFile; fileRef = 7F41ECAA1B91F306003A2236 /* WorkaroundEnumTest.swift */; settings = {ASSET_TAGS = (); }; };
		7F41ECB21B91F306003A2236 /* WorkaroundsTests.swift in Sources */ = {isa = PBXBuildFile; fileRef = 7F41ECAB1B91F306003A2236 /* WorkaroundsTests.swift */; settings = {ASSET_TAGS = (); }; };
		7F41ECB31B91F306003A2236 /* WorkaroundSwiftGenericsTests.swift in Sources */ = {isa = PBXBuildFile; fileRef = 7F41ECAC1B91F306003A2236 /* WorkaroundSwiftGenericsTests.swift */; settings = {ASSET_TAGS = (); }; };
/* End PBXBuildFile section */

/* Begin PBXFileReference section */
		7F0636B21AFF413900595461 /* .gitignore */ = {isa = PBXFileReference; lastKnownFileType = text; path = .gitignore; sourceTree = "<group>"; };
		7F0636B31AFF413900595461 /* .travis.yml */ = {isa = PBXFileReference; lastKnownFileType = text; path = .travis.yml; sourceTree = "<group>"; };
		7F07C5721AF101A9000DF1F3 /* EVReflectionTests.xctest */ = {isa = PBXFileReference; explicitFileType = wrapper.cfbundle; includeInIndex = 0; path = EVReflectionTests.xctest; sourceTree = BUILT_PRODUCTS_DIR; };
		7F07C5771AF101A9000DF1F3 /* Info.plist */ = {isa = PBXFileReference; lastKnownFileType = text.plist.xml; path = Info.plist; sourceTree = "<group>"; };
		7F07C5841AF10284000DF1F3 /* EVReflection.swift */ = {isa = PBXFileReference; fileEncoding = 4; lastKnownFileType = sourcecode.swift; path = EVReflection.swift; sourceTree = "<group>"; };
		7F07C5861AF10296000DF1F3 /* README.md */ = {isa = PBXFileReference; fileEncoding = 4; lastKnownFileType = net.daringfireball.markdown; name = README.md; path = ../README.md; sourceTree = "<group>"; };
		7F07C58D1AF11861000DF1F3 /* EVReflection.podspec */ = {isa = PBXFileReference; fileEncoding = 4; lastKnownFileType = text; name = EVReflection.podspec; path = ../EVReflection.podspec; sourceTree = "<group>"; };
		7F07C58E1AF11861000DF1F3 /* LICENSE */ = {isa = PBXFileReference; fileEncoding = 4; lastKnownFileType = text; name = LICENSE; path = ../LICENSE; sourceTree = "<group>"; };
		7F0B2A3B1B062CF20025165A /* circle.yml */ = {isa = PBXFileReference; lastKnownFileType = text; name = circle.yml; path = ../circle.yml; sourceTree = "<group>"; };
		7F0E5E591AF4D94000A10E51 /* EVObject.swift */ = {isa = PBXFileReference; fileEncoding = 4; lastKnownFileType = sourcecode.swift; path = EVObject.swift; sourceTree = "<group>"; };
		7F1BA5261B971CBF009F9DB8 /* EVExtensions.swift */ = {isa = PBXFileReference; fileEncoding = 4; lastKnownFileType = sourcecode.swift; path = EVExtensions.swift; sourceTree = "<group>"; };
		7F3E19291B8526CA00A6E6C6 /* EVObjectDescription.swift */ = {isa = PBXFileReference; fileEncoding = 4; lastKnownFileType = sourcecode.swift; path = EVObjectDescription.swift; sourceTree = "<group>"; };
		7F41ECA41B91F2E0003A2236 /* TestObjects.swift */ = {isa = PBXFileReference; fileEncoding = 4; lastKnownFileType = sourcecode.swift; path = TestObjects.swift; sourceTree = "<group>"; };
		7F41ECA61B91F306003A2236 /* EVObjectDescriptionTest.swift */ = {isa = PBXFileReference; fileEncoding = 4; lastKnownFileType = sourcecode.swift; path = EVObjectDescriptionTest.swift; sourceTree = "<group>"; };
		7F41ECA71B91F306003A2236 /* EVReflectionJsonTests.swift */ = {isa = PBXFileReference; fileEncoding = 4; lastKnownFileType = sourcecode.swift; path = EVReflectionJsonTests.swift; sourceTree = "<group>"; };
		7F41ECA81B91F306003A2236 /* EVReflectionTests.swift */ = {isa = PBXFileReference; fileEncoding = 4; lastKnownFileType = sourcecode.swift; path = EVReflectionTests.swift; sourceTree = "<group>"; };
		7F41ECA91B91F306003A2236 /* ProfilePhotoUrlListTest.swift */ = {isa = PBXFileReference; fileEncoding = 4; lastKnownFileType = sourcecode.swift; path = ProfilePhotoUrlListTest.swift; sourceTree = "<group>"; };
		7F41ECAA1B91F306003A2236 /* WorkaroundEnumTest.swift */ = {isa = PBXFileReference; fileEncoding = 4; lastKnownFileType = sourcecode.swift; path = WorkaroundEnumTest.swift; sourceTree = "<group>"; };
		7F41ECAB1B91F306003A2236 /* WorkaroundsTests.swift */ = {isa = PBXFileReference; fileEncoding = 4; lastKnownFileType = sourcecode.swift; path = WorkaroundsTests.swift; sourceTree = "<group>"; };
		7F41ECAC1B91F306003A2236 /* WorkaroundSwiftGenericsTests.swift */ = {isa = PBXFileReference; fileEncoding = 4; lastKnownFileType = sourcecode.swift; path = WorkaroundSwiftGenericsTests.swift; sourceTree = "<group>"; };
/* End PBXFileReference section */

/* Begin PBXFrameworksBuildPhase section */
		7F07C56F1AF101A9000DF1F3 /* Frameworks */ = {
			isa = PBXFrameworksBuildPhase;
			buildActionMask = 2147483647;
			files = (
			);
			runOnlyForDeploymentPostprocessing = 0;
		};
/* End PBXFrameworksBuildPhase section */

/* Begin PBXGroup section */
		7F07C5541AF101A9000DF1F3 = {
			isa = PBXGroup;
			children = (
				7F0636B21AFF413900595461 /* .gitignore */,
				7F0636B31AFF413900595461 /* .travis.yml */,
				7F0B2A3B1B062CF20025165A /* circle.yml */,
				7F07C5861AF10296000DF1F3 /* README.md */,
				7F07C58D1AF11861000DF1F3 /* EVReflection.podspec */,
				7F07C58E1AF11861000DF1F3 /* LICENSE */,
				7F07C5831AF10284000DF1F3 /* pod */,
				7F07C5751AF101A9000DF1F3 /* EVReflectionTests */,
				7F07C55E1AF101A9000DF1F3 /* Products */,
			);
			sourceTree = "<group>";
		};
		7F07C55E1AF101A9000DF1F3 /* Products */ = {
			isa = PBXGroup;
			children = (
				7F07C5721AF101A9000DF1F3 /* EVReflectionTests.xctest */,
			);
			name = Products;
			sourceTree = "<group>";
		};
		7F07C5751AF101A9000DF1F3 /* EVReflectionTests */ = {
			isa = PBXGroup;
			children = (
				7F41ECA41B91F2E0003A2236 /* TestObjects.swift */,
				7F41ECA61B91F306003A2236 /* EVObjectDescriptionTest.swift */,
				7F41ECA71B91F306003A2236 /* EVReflectionJsonTests.swift */,
				7F41ECA81B91F306003A2236 /* EVReflectionTests.swift */,
				7F41ECA91B91F306003A2236 /* ProfilePhotoUrlListTest.swift */,
				7F41ECAB1B91F306003A2236 /* WorkaroundsTests.swift */,
				7F41ECAC1B91F306003A2236 /* WorkaroundSwiftGenericsTests.swift */,
				7F43822A1B62D41E00EF74C7 /* TemporaryTests */,
				7F07C5761AF101A9000DF1F3 /* Supporting Files */,
			);
			path = EVReflectionTests;
			sourceTree = "<group>";
		};
		7F07C5761AF101A9000DF1F3 /* Supporting Files */ = {
			isa = PBXGroup;
			children = (
				7F07C5771AF101A9000DF1F3 /* Info.plist */,
			);
			name = "Supporting Files";
			sourceTree = "<group>";
		};
		7F07C5831AF10284000DF1F3 /* pod */ = {
			isa = PBXGroup;
			children = (
				7F07C5841AF10284000DF1F3 /* EVReflection.swift */,
				7F0E5E591AF4D94000A10E51 /* EVObject.swift */,
				7F3E19291B8526CA00A6E6C6 /* EVObjectDescription.swift */,
				7F1BA5261B971CBF009F9DB8 /* EVExtensions.swift */,
			);
			path = pod;
			sourceTree = "<group>";
		};
		7F43822A1B62D41E00EF74C7 /* TemporaryTests */ = {
			isa = PBXGroup;
			children = (
				7F41ECAA1B91F306003A2236 /* WorkaroundEnumTest.swift */,
			);
			name = TemporaryTests;
			sourceTree = "<group>";
		};
/* End PBXGroup section */

/* Begin PBXNativeTarget section */
		7F07C5711AF101A9000DF1F3 /* EVReflectionTests */ = {
			isa = PBXNativeTarget;
			buildConfigurationList = 7F07C57F1AF101A9000DF1F3 /* Build configuration list for PBXNativeTarget "EVReflectionTests" */;
			buildPhases = (
				7F07C56E1AF101A9000DF1F3 /* Sources */,
				7F07C56F1AF101A9000DF1F3 /* Frameworks */,
				7F07C5701AF101A9000DF1F3 /* Resources */,
			);
			buildRules = (
			);
			dependencies = (
			);
			name = EVReflectionTests;
			productName = EVReflectionTests;
			productReference = 7F07C5721AF101A9000DF1F3 /* EVReflectionTests.xctest */;
			productType = "com.apple.product-type.bundle.unit-test";
		};
/* End PBXNativeTarget section */

/* Begin PBXProject section */
		7F07C5551AF101A9000DF1F3 /* Project object */ = {
			isa = PBXProject;
			attributes = {
				LastSwiftUpdateCheck = 0700;
				LastUpgradeCheck = 0700;
				ORGANIZATIONNAME = evict;
				TargetAttributes = {
					7F07C5711AF101A9000DF1F3 = {
						CreatedOnToolsVersion = 6.3.1;
						TestTargetID = 7F07C55C1AF101A9000DF1F3;
					};
				};
			};
			buildConfigurationList = 7F07C5581AF101A9000DF1F3 /* Build configuration list for PBXProject "EVReflection" */;
			compatibilityVersion = "Xcode 3.2";
			developmentRegion = English;
			hasScannedForEncodings = 0;
			knownRegions = (
				en,
				Base,
			);
			mainGroup = 7F07C5541AF101A9000DF1F3;
			productRefGroup = 7F07C55E1AF101A9000DF1F3 /* Products */;
			projectDirPath = "";
			projectRoot = "";
			targets = (
				7F07C5711AF101A9000DF1F3 /* EVReflectionTests */,
			);
		};
/* End PBXProject section */

/* Begin PBXResourcesBuildPhase section */
		7F07C5701AF101A9000DF1F3 /* Resources */ = {
			isa = PBXResourcesBuildPhase;
			buildActionMask = 2147483647;
			files = (
				7F07C5901AF11861000DF1F3 /* LICENSE in Resources */,
				7F07C58F1AF11861000DF1F3 /* EVReflection.podspec in Resources */,
			);
			runOnlyForDeploymentPostprocessing = 0;
		};
/* End PBXResourcesBuildPhase section */

/* Begin PBXSourcesBuildPhase section */
		7F07C56E1AF101A9000DF1F3 /* Sources */ = {
			isa = PBXSourcesBuildPhase;
			buildActionMask = 2147483647;
			files = (
				7F3E192A1B8526CA00A6E6C6 /* EVObjectDescription.swift in Sources */,
				7F41ECB21B91F306003A2236 /* WorkaroundsTests.swift in Sources */,
				7F07C5881AF10437000DF1F3 /* EVReflection.swift in Sources */,
				7F41ECB01B91F306003A2236 /* ProfilePhotoUrlListTest.swift in Sources */,
				7F1BA5271B971CBF009F9DB8 /* EVExtensions.swift in Sources */,
				7F41ECA51B91F2E0003A2236 /* TestObjects.swift in Sources */,
				7F41ECB31B91F306003A2236 /* WorkaroundSwiftGenericsTests.swift in Sources */,
				7F41ECAD1B91F306003A2236 /* EVObjectDescriptionTest.swift in Sources */,
				7F0E5E5A1AF4D94000A10E51 /* EVObject.swift in Sources */,
				7F41ECB11B91F306003A2236 /* WorkaroundEnumTest.swift in Sources */,
				7F41ECAE1B91F306003A2236 /* EVReflectionJsonTests.swift in Sources */,
				7F41ECAF1B91F306003A2236 /* EVReflectionTests.swift in Sources */,
			);
			runOnlyForDeploymentPostprocessing = 0;
		};
/* End PBXSourcesBuildPhase section */

/* Begin XCBuildConfiguration section */
		7F07C57A1AF101A9000DF1F3 /* Debug */ = {
			isa = XCBuildConfiguration;
			buildSettings = {
				ALWAYS_SEARCH_USER_PATHS = NO;
				CLANG_CXX_LANGUAGE_STANDARD = "gnu++0x";
				CLANG_CXX_LIBRARY = "libc++";
				CLANG_ENABLE_MODULES = YES;
				CLANG_ENABLE_OBJC_ARC = YES;
				CLANG_WARN_BOOL_CONVERSION = YES;
				CLANG_WARN_CONSTANT_CONVERSION = YES;
				CLANG_WARN_DIRECT_OBJC_ISA_USAGE = YES_ERROR;
				CLANG_WARN_EMPTY_BODY = YES;
				CLANG_WARN_ENUM_CONVERSION = YES;
				CLANG_WARN_INT_CONVERSION = YES;
				CLANG_WARN_OBJC_ROOT_CLASS = YES_ERROR;
				CLANG_WARN_UNREACHABLE_CODE = YES;
				CLANG_WARN__DUPLICATE_METHOD_MATCH = YES;
				"CODE_SIGN_IDENTITY[sdk=iphoneos*]" = "iPhone Developer";
				COPY_PHASE_STRIP = NO;
				DEBUG_INFORMATION_FORMAT = "dwarf-with-dsym";
				ENABLE_STRICT_OBJC_MSGSEND = YES;
				ENABLE_TESTABILITY = YES;
				GCC_C_LANGUAGE_STANDARD = gnu99;
				GCC_DYNAMIC_NO_PIC = NO;
				GCC_NO_COMMON_BLOCKS = YES;
				GCC_OPTIMIZATION_LEVEL = 0;
				GCC_PREPROCESSOR_DEFINITIONS = (
					"DEBUG=1",
					"$(inherited)",
				);
				GCC_SYMBOLS_PRIVATE_EXTERN = NO;
				GCC_WARN_64_TO_32_BIT_CONVERSION = YES;
				GCC_WARN_ABOUT_RETURN_TYPE = YES_ERROR;
				GCC_WARN_UNDECLARED_SELECTOR = YES;
				GCC_WARN_UNINITIALIZED_AUTOS = YES_AGGRESSIVE;
				GCC_WARN_UNUSED_FUNCTION = YES;
				GCC_WARN_UNUSED_VARIABLE = YES;
				IPHONEOS_DEPLOYMENT_TARGET = 8.3;
				MTL_ENABLE_DEBUG_INFO = YES;
				ONLY_ACTIVE_ARCH = YES;
				SDKROOT = iphoneos;
				SWIFT_OPTIMIZATION_LEVEL = "-Onone";
				TARGETED_DEVICE_FAMILY = "1,2";
			};
			name = Debug;
		};
		7F07C57B1AF101A9000DF1F3 /* Release */ = {
			isa = XCBuildConfiguration;
			buildSettings = {
				ALWAYS_SEARCH_USER_PATHS = NO;
				CLANG_CXX_LANGUAGE_STANDARD = "gnu++0x";
				CLANG_CXX_LIBRARY = "libc++";
				CLANG_ENABLE_MODULES = YES;
				CLANG_ENABLE_OBJC_ARC = YES;
				CLANG_WARN_BOOL_CONVERSION = YES;
				CLANG_WARN_CONSTANT_CONVERSION = YES;
				CLANG_WARN_DIRECT_OBJC_ISA_USAGE = YES_ERROR;
				CLANG_WARN_EMPTY_BODY = YES;
				CLANG_WARN_ENUM_CONVERSION = YES;
				CLANG_WARN_INT_CONVERSION = YES;
				CLANG_WARN_OBJC_ROOT_CLASS = YES_ERROR;
				CLANG_WARN_UNREACHABLE_CODE = YES;
				CLANG_WARN__DUPLICATE_METHOD_MATCH = YES;
				"CODE_SIGN_IDENTITY[sdk=iphoneos*]" = "iPhone Developer";
				COPY_PHASE_STRIP = NO;
				DEBUG_INFORMATION_FORMAT = "dwarf-with-dsym";
				ENABLE_NS_ASSERTIONS = NO;
				ENABLE_STRICT_OBJC_MSGSEND = YES;
				GCC_C_LANGUAGE_STANDARD = gnu99;
				GCC_NO_COMMON_BLOCKS = YES;
				GCC_WARN_64_TO_32_BIT_CONVERSION = YES;
				GCC_WARN_ABOUT_RETURN_TYPE = YES_ERROR;
				GCC_WARN_UNDECLARED_SELECTOR = YES;
				GCC_WARN_UNINITIALIZED_AUTOS = YES_AGGRESSIVE;
				GCC_WARN_UNUSED_FUNCTION = YES;
				GCC_WARN_UNUSED_VARIABLE = YES;
				IPHONEOS_DEPLOYMENT_TARGET = 8.3;
				MTL_ENABLE_DEBUG_INFO = NO;
				SDKROOT = iphoneos;
				TARGETED_DEVICE_FAMILY = "1,2";
				VALIDATE_PRODUCT = YES;
			};
			name = Release;
		};
		7F07C5801AF101A9000DF1F3 /* Debug */ = {
			isa = XCBuildConfiguration;
			buildSettings = {
				FRAMEWORK_SEARCH_PATHS = (
					"$(SDKROOT)/Developer/Library/Frameworks",
					"$(inherited)",
				);
				GCC_PREPROCESSOR_DEFINITIONS = (
					"DEBUG=1",
					"$(inherited)",
				);
				INFOPLIST_FILE = EVReflectionTests/Info.plist;
				LD_RUNPATH_SEARCH_PATHS = "$(inherited) @executable_path/Frameworks @loader_path/Frameworks";
				PRODUCT_BUNDLE_IDENTIFIER = "nl.evict.$(PRODUCT_NAME:rfc1034identifier)";
				PRODUCT_NAME = "$(TARGET_NAME)";
			};
			name = Debug;
		};
		7F07C5811AF101A9000DF1F3 /* Release */ = {
			isa = XCBuildConfiguration;
			buildSettings = {
				FRAMEWORK_SEARCH_PATHS = (
					"$(SDKROOT)/Developer/Library/Frameworks",
					"$(inherited)",
				);
				INFOPLIST_FILE = EVReflectionTests/Info.plist;
				LD_RUNPATH_SEARCH_PATHS = "$(inherited) @executable_path/Frameworks @loader_path/Frameworks";
				PRODUCT_BUNDLE_IDENTIFIER = "nl.evict.$(PRODUCT_NAME:rfc1034identifier)";
				PRODUCT_NAME = "$(TARGET_NAME)";
			};
			name = Release;
		};
/* End XCBuildConfiguration section */

/* Begin XCConfigurationList section */
		7F07C5581AF101A9000DF1F3 /* Build configuration list for PBXProject "EVReflection" */ = {
			isa = XCConfigurationList;
			buildConfigurations = (
				7F07C57A1AF101A9000DF1F3 /* Debug */,
				7F07C57B1AF101A9000DF1F3 /* Release */,
			);
			defaultConfigurationIsVisible = 0;
			defaultConfigurationName = Release;
		};
		7F07C57F1AF101A9000DF1F3 /* Build configuration list for PBXNativeTarget "EVReflectionTests" */ = {
			isa = XCConfigurationList;
			buildConfigurations = (
				7F07C5801AF101A9000DF1F3 /* Debug */,
				7F07C5811AF101A9000DF1F3 /* Release */,
			);
			defaultConfigurationIsVisible = 0;
			defaultConfigurationName = Release;
		};
/* End XCConfigurationList section */
	};
	rootObject = 7F07C5551AF101A9000DF1F3 /* Project object */;
}
