// !$*UTF8*$!
{
	archiveVersion = 1;
	classes = {
	};
	objectVersion = 46;
	objects = {

/* Begin PBXBuildFile section */
		13B051261EEE6123002629F9 /* ConversionOptions.swift in Sources */ = {isa = PBXBuildFile; fileRef = 13B051231EEE6123002629F9 /* ConversionOptions.swift */; };
		13B051271EEE6123002629F9 /* DeserializationStatus.swift in Sources */ = {isa = PBXBuildFile; fileRef = 13B051241EEE6123002629F9 /* DeserializationStatus.swift */; };
		13B051281EEE6123002629F9 /* PrintOptions.swift in Sources */ = {isa = PBXBuildFile; fileRef = 13B051251EEE6123002629F9 /* PrintOptions.swift */; };
		13B051291EEE6130002629F9 /* ConversionOptions.swift in Sources */ = {isa = PBXBuildFile; fileRef = 13B051231EEE6123002629F9 /* ConversionOptions.swift */; };
		13B0512A1EEE6131002629F9 /* ConversionOptions.swift in Sources */ = {isa = PBXBuildFile; fileRef = 13B051231EEE6123002629F9 /* ConversionOptions.swift */; };
		13B0512B1EEE6132002629F9 /* ConversionOptions.swift in Sources */ = {isa = PBXBuildFile; fileRef = 13B051231EEE6123002629F9 /* ConversionOptions.swift */; };
		13B0512C1EEE6136002629F9 /* DeserializationStatus.swift in Sources */ = {isa = PBXBuildFile; fileRef = 13B051241EEE6123002629F9 /* DeserializationStatus.swift */; };
		13B0512D1EEE6136002629F9 /* DeserializationStatus.swift in Sources */ = {isa = PBXBuildFile; fileRef = 13B051241EEE6123002629F9 /* DeserializationStatus.swift */; };
		13B0512E1EEE6137002629F9 /* DeserializationStatus.swift in Sources */ = {isa = PBXBuildFile; fileRef = 13B051241EEE6123002629F9 /* DeserializationStatus.swift */; };
		13B0512F1EEE613B002629F9 /* PrintOptions.swift in Sources */ = {isa = PBXBuildFile; fileRef = 13B051251EEE6123002629F9 /* PrintOptions.swift */; };
		13B051301EEE613C002629F9 /* PrintOptions.swift in Sources */ = {isa = PBXBuildFile; fileRef = 13B051251EEE6123002629F9 /* PrintOptions.swift */; };
		13B051311EEE613D002629F9 /* PrintOptions.swift in Sources */ = {isa = PBXBuildFile; fileRef = 13B051251EEE6123002629F9 /* PrintOptions.swift */; };
		2DC8AA401C24215500FA6B8E /* EVReflection.h in Headers */ = {isa = PBXBuildFile; fileRef = 2DC8AA3F1C24215500FA6B8E /* EVReflection.h */; settings = {ATTRIBUTES = (Public, ); }; };
		2DC8AA661C242E0600FA6B8E /* EVReflectionMacOS.h in Headers */ = {isa = PBXBuildFile; fileRef = 2DC8AA651C242E0600FA6B8E /* EVReflectionMacOS.h */; settings = {ATTRIBUTES = (Public, ); }; };
		7F75C54B1E463786003B08C5 /* EVDictionaryExtension.swift in Sources */ = {isa = PBXBuildFile; fileRef = 7F75C54A1E463786003B08C5 /* EVDictionaryExtension.swift */; };
		7F75C54C1E4637A0003B08C5 /* EVDictionaryExtension.swift in Sources */ = {isa = PBXBuildFile; fileRef = 7F75C54A1E463786003B08C5 /* EVDictionaryExtension.swift */; };
		7F75C54D1E4637A1003B08C5 /* EVDictionaryExtension.swift in Sources */ = {isa = PBXBuildFile; fileRef = 7F75C54A1E463786003B08C5 /* EVDictionaryExtension.swift */; };
		7F75C54E1E4637A2003B08C5 /* EVDictionaryExtension.swift in Sources */ = {isa = PBXBuildFile; fileRef = 7F75C54A1E463786003B08C5 /* EVDictionaryExtension.swift */; };
		7FD67D8E1C288B560071234B /* EVReflectionWatchOS.h in Headers */ = {isa = PBXBuildFile; fileRef = 7FD67D8D1C288B560071234B /* EVReflectionWatchOS.h */; settings = {ATTRIBUTES = (Public, ); }; };
		7FF9B82A1E237F910089A3A1 /* EVArrayExtension.swift in Sources */ = {isa = PBXBuildFile; fileRef = 7FF9B8251E237F910089A3A1 /* EVArrayExtension.swift */; };
		7FF9B82B1E237F910089A3A1 /* EVArrayExtension.swift in Sources */ = {isa = PBXBuildFile; fileRef = 7FF9B8251E237F910089A3A1 /* EVArrayExtension.swift */; };
		7FF9B82C1E237F910089A3A1 /* EVArrayExtension.swift in Sources */ = {isa = PBXBuildFile; fileRef = 7FF9B8251E237F910089A3A1 /* EVArrayExtension.swift */; };
		7FF9B82D1E237F910089A3A1 /* EVArrayExtension.swift in Sources */ = {isa = PBXBuildFile; fileRef = 7FF9B8251E237F910089A3A1 /* EVArrayExtension.swift */; };
		7FF9B82E1E237F910089A3A1 /* EVObject.swift in Sources */ = {isa = PBXBuildFile; fileRef = 7FF9B8261E237F910089A3A1 /* EVObject.swift */; };
		7FF9B82F1E237F910089A3A1 /* EVObject.swift in Sources */ = {isa = PBXBuildFile; fileRef = 7FF9B8261E237F910089A3A1 /* EVObject.swift */; };
		7FF9B8301E237F910089A3A1 /* EVObject.swift in Sources */ = {isa = PBXBuildFile; fileRef = 7FF9B8261E237F910089A3A1 /* EVObject.swift */; };
		7FF9B8311E237F910089A3A1 /* EVObject.swift in Sources */ = {isa = PBXBuildFile; fileRef = 7FF9B8261E237F910089A3A1 /* EVObject.swift */; };
		7FF9B8321E237F910089A3A1 /* EVReflectable.swift in Sources */ = {isa = PBXBuildFile; fileRef = 7FF9B8271E237F910089A3A1 /* EVReflectable.swift */; };
		7FF9B8331E237F910089A3A1 /* EVReflectable.swift in Sources */ = {isa = PBXBuildFile; fileRef = 7FF9B8271E237F910089A3A1 /* EVReflectable.swift */; };
		7FF9B8341E237F910089A3A1 /* EVReflectable.swift in Sources */ = {isa = PBXBuildFile; fileRef = 7FF9B8271E237F910089A3A1 /* EVReflectable.swift */; };
		7FF9B8351E237F910089A3A1 /* EVReflectable.swift in Sources */ = {isa = PBXBuildFile; fileRef = 7FF9B8271E237F910089A3A1 /* EVReflectable.swift */; };
		7FF9B8361E237F910089A3A1 /* EVReflection.swift in Sources */ = {isa = PBXBuildFile; fileRef = 7FF9B8281E237F910089A3A1 /* EVReflection.swift */; };
		7FF9B8371E237F910089A3A1 /* EVReflection.swift in Sources */ = {isa = PBXBuildFile; fileRef = 7FF9B8281E237F910089A3A1 /* EVReflection.swift */; };
		7FF9B8381E237F910089A3A1 /* EVReflection.swift in Sources */ = {isa = PBXBuildFile; fileRef = 7FF9B8281E237F910089A3A1 /* EVReflection.swift */; };
		7FF9B8391E237F910089A3A1 /* EVReflection.swift in Sources */ = {isa = PBXBuildFile; fileRef = 7FF9B8281E237F910089A3A1 /* EVReflection.swift */; };
		7FF9B83A1E237F910089A3A1 /* EVWorkaroundHelpers.swift in Sources */ = {isa = PBXBuildFile; fileRef = 7FF9B8291E237F910089A3A1 /* EVWorkaroundHelpers.swift */; };
		7FF9B83B1E237F910089A3A1 /* EVWorkaroundHelpers.swift in Sources */ = {isa = PBXBuildFile; fileRef = 7FF9B8291E237F910089A3A1 /* EVWorkaroundHelpers.swift */; };
		7FF9B83C1E237F910089A3A1 /* EVWorkaroundHelpers.swift in Sources */ = {isa = PBXBuildFile; fileRef = 7FF9B8291E237F910089A3A1 /* EVWorkaroundHelpers.swift */; };
		7FF9B83D1E237F910089A3A1 /* EVWorkaroundHelpers.swift in Sources */ = {isa = PBXBuildFile; fileRef = 7FF9B8291E237F910089A3A1 /* EVWorkaroundHelpers.swift */; };
		D06F6D851F5E414B0061ACB2 /* EVReflectionCloudKitIOS.h in Headers */ = {isa = PBXBuildFile; fileRef = D06F6D771F5E414B0061ACB2 /* EVReflectionCloudKitIOS.h */; settings = {ATTRIBUTES = (Public, ); }; };
		D06F6D901F5E42D30061ACB2 /* CKDataObject.swift in Sources */ = {isa = PBXBuildFile; fileRef = D06F6D8D1F5E42D30061ACB2 /* CKDataObject.swift */; };
		D06F6D911F5E42D30061ACB2 /* CKRecord+EVReflectable.swift in Sources */ = {isa = PBXBuildFile; fileRef = D06F6D8E1F5E42D30061ACB2 /* CKRecord+EVReflectable.swift */; };
		D06F6D931F5E43000061ACB2 /* EVObject.swift in Sources */ = {isa = PBXBuildFile; fileRef = 7FF9B8261E237F910089A3A1 /* EVObject.swift */; };
		D06F6D941F5E43080061ACB2 /* EVReflectable.swift in Sources */ = {isa = PBXBuildFile; fileRef = 7FF9B8271E237F910089A3A1 /* EVReflectable.swift */; };
		D06F6D951F5E43150061ACB2 /* ConversionOptions.swift in Sources */ = {isa = PBXBuildFile; fileRef = 13B051231EEE6123002629F9 /* ConversionOptions.swift */; };
		D06F6D961F5E43200061ACB2 /* DeserializationStatus.swift in Sources */ = {isa = PBXBuildFile; fileRef = 13B051241EEE6123002629F9 /* DeserializationStatus.swift */; };
		D06F6D971F5E432B0061ACB2 /* EVReflection.swift in Sources */ = {isa = PBXBuildFile; fileRef = 7FF9B8281E237F910089A3A1 /* EVReflection.swift */; };
		D06F6D981F5E43520061ACB2 /* EVWorkaroundHelpers.swift in Sources */ = {isa = PBXBuildFile; fileRef = 7FF9B8291E237F910089A3A1 /* EVWorkaroundHelpers.swift */; };
		D06F6D991F5E43730061ACB2 /* PrintOptions.swift in Sources */ = {isa = PBXBuildFile; fileRef = 13B051251EEE6123002629F9 /* PrintOptions.swift */; };
		D06F6D9A1F5E43890061ACB2 /* EVArrayExtension.swift in Sources */ = {isa = PBXBuildFile; fileRef = 7FF9B8251E237F910089A3A1 /* EVArrayExtension.swift */; };
		D06F6D9B1F5E43A70061ACB2 /* EVDictionaryExtension.swift in Sources */ = {isa = PBXBuildFile; fileRef = 7F75C54A1E463786003B08C5 /* EVDictionaryExtension.swift */; };
		D097DC901DD663990020CA9A /* EVReflectionTVOS.h in Headers */ = {isa = PBXBuildFile; fileRef = 7F9336B01C28227400AF7076 /* EVReflectionTVOS.h */; settings = {ATTRIBUTES = (Public, ); }; };
		D09860F31F76DE7700275D18 /* EVReflectionCloudKitMacOS.h in Headers */ = {isa = PBXBuildFile; fileRef = D09860F11F76DE7700275D18 /* EVReflectionCloudKitMacOS.h */; settings = {ATTRIBUTES = (Public, ); }; };
		D09860F71F76DF5900275D18 /* CKDataObject.swift in Sources */ = {isa = PBXBuildFile; fileRef = D06F6D8D1F5E42D30061ACB2 /* CKDataObject.swift */; };
		D09860F81F76DF5C00275D18 /* CKRecord+EVReflectable.swift in Sources */ = {isa = PBXBuildFile; fileRef = D06F6D8E1F5E42D30061ACB2 /* CKRecord+EVReflectable.swift */; };
		D09860F91F76DF6400275D18 /* ConversionOptions.swift in Sources */ = {isa = PBXBuildFile; fileRef = 13B051231EEE6123002629F9 /* ConversionOptions.swift */; };
		D09860FA1F76DF6400275D18 /* DeserializationStatus.swift in Sources */ = {isa = PBXBuildFile; fileRef = 13B051241EEE6123002629F9 /* DeserializationStatus.swift */; };
		D09860FB1F76DF6400275D18 /* PrintOptions.swift in Sources */ = {isa = PBXBuildFile; fileRef = 13B051251EEE6123002629F9 /* PrintOptions.swift */; };
		D09860FC1F76DF6400275D18 /* EVArrayExtension.swift in Sources */ = {isa = PBXBuildFile; fileRef = 7FF9B8251E237F910089A3A1 /* EVArrayExtension.swift */; };
		D09860FD1F76DF6400275D18 /* EVDictionaryExtension.swift in Sources */ = {isa = PBXBuildFile; fileRef = 7F75C54A1E463786003B08C5 /* EVDictionaryExtension.swift */; };
		D09860FE1F76DF6400275D18 /* EVObject.swift in Sources */ = {isa = PBXBuildFile; fileRef = 7FF9B8261E237F910089A3A1 /* EVObject.swift */; };
		D09860FF1F76DF6400275D18 /* EVReflectable.swift in Sources */ = {isa = PBXBuildFile; fileRef = 7FF9B8271E237F910089A3A1 /* EVReflectable.swift */; };
		D09861001F76DF6400275D18 /* EVReflection.swift in Sources */ = {isa = PBXBuildFile; fileRef = 7FF9B8281E237F910089A3A1 /* EVReflection.swift */; };
		D09861011F76DF6400275D18 /* EVWorkaroundHelpers.swift in Sources */ = {isa = PBXBuildFile; fileRef = 7FF9B8291E237F910089A3A1 /* EVWorkaroundHelpers.swift */; };
/* End PBXBuildFile section */

/* Begin PBXFileReference section */
		13B051231EEE6123002629F9 /* ConversionOptions.swift */ = {isa = PBXFileReference; fileEncoding = 4; lastKnownFileType = sourcecode.swift; name = ConversionOptions.swift; path = ../Source/ConversionOptions.swift; sourceTree = "<group>"; };
		13B051241EEE6123002629F9 /* DeserializationStatus.swift */ = {isa = PBXFileReference; fileEncoding = 4; lastKnownFileType = sourcecode.swift; name = DeserializationStatus.swift; path = ../Source/DeserializationStatus.swift; sourceTree = "<group>"; };
		13B051251EEE6123002629F9 /* PrintOptions.swift */ = {isa = PBXFileReference; fileEncoding = 4; lastKnownFileType = sourcecode.swift; name = PrintOptions.swift; path = ../Source/PrintOptions.swift; sourceTree = "<group>"; };
		2DC8AA3F1C24215500FA6B8E /* EVReflection.h */ = {isa = PBXFileReference; lastKnownFileType = sourcecode.c.h; path = EVReflection.h; sourceTree = "<group>"; };
		2DC8AA411C24215500FA6B8E /* Info.plist */ = {isa = PBXFileReference; lastKnownFileType = text.plist.xml; path = Info.plist; sourceTree = "<group>"; };
		2DC8AA651C242E0600FA6B8E /* EVReflectionMacOS.h */ = {isa = PBXFileReference; lastKnownFileType = sourcecode.c.h; path = EVReflectionMacOS.h; sourceTree = "<group>"; };
		2DC8AA671C242E0600FA6B8E /* Info.plist */ = {isa = PBXFileReference; lastKnownFileType = text.plist.xml; path = Info.plist; sourceTree = "<group>"; };
		7F1C9D291E23C6C100A18776 /* EVReflection.framework */ = {isa = PBXFileReference; explicitFileType = wrapper.framework; includeInIndex = 0; path = EVReflection.framework; sourceTree = BUILT_PRODUCTS_DIR; };
		7F1C9D2A1E23C6C100A18776 /* EVReflection.framework */ = {isa = PBXFileReference; explicitFileType = wrapper.framework; includeInIndex = 0; path = EVReflection.framework; sourceTree = BUILT_PRODUCTS_DIR; };
		7F1C9D2B1E23C6C100A18776 /* EVReflection.framework */ = {isa = PBXFileReference; explicitFileType = wrapper.framework; includeInIndex = 0; path = EVReflection.framework; sourceTree = BUILT_PRODUCTS_DIR; };
		7F1C9D2C1E23C6C100A18776 /* EVReflection.framework */ = {isa = PBXFileReference; explicitFileType = wrapper.framework; includeInIndex = 0; path = EVReflection.framework; sourceTree = BUILT_PRODUCTS_DIR; };
		7F1C9D301E23CD6900A18776 /* README.md */ = {isa = PBXFileReference; fileEncoding = 4; lastKnownFileType = net.daringfireball.markdown; path = README.md; sourceTree = "<group>"; };
		7F75C54A1E463786003B08C5 /* EVDictionaryExtension.swift */ = {isa = PBXFileReference; fileEncoding = 4; lastKnownFileType = sourcecode.swift; name = EVDictionaryExtension.swift; path = ../Source/EVDictionaryExtension.swift; sourceTree = "<group>"; };
		7F9336B01C28227400AF7076 /* EVReflectionTVOS.h */ = {isa = PBXFileReference; lastKnownFileType = sourcecode.c.h; path = EVReflectionTVOS.h; sourceTree = "<group>"; };
		7F9336B21C28227400AF7076 /* Info.plist */ = {isa = PBXFileReference; lastKnownFileType = text.plist.xml; path = Info.plist; sourceTree = "<group>"; };
		7FD67D8D1C288B560071234B /* EVReflectionWatchOS.h */ = {isa = PBXFileReference; lastKnownFileType = sourcecode.c.h; path = EVReflectionWatchOS.h; sourceTree = "<group>"; };
		7FD67D8F1C288B560071234B /* Info.plist */ = {isa = PBXFileReference; lastKnownFileType = text.plist.xml; path = Info.plist; sourceTree = "<group>"; };
		7FF9B8251E237F910089A3A1 /* EVArrayExtension.swift */ = {isa = PBXFileReference; fileEncoding = 4; lastKnownFileType = sourcecode.swift; name = EVArrayExtension.swift; path = ../Source/EVArrayExtension.swift; sourceTree = "<group>"; };
		7FF9B8261E237F910089A3A1 /* EVObject.swift */ = {isa = PBXFileReference; fileEncoding = 4; lastKnownFileType = sourcecode.swift; name = EVObject.swift; path = ../Source/EVObject.swift; sourceTree = "<group>"; };
		7FF9B8271E237F910089A3A1 /* EVReflectable.swift */ = {isa = PBXFileReference; fileEncoding = 4; lastKnownFileType = sourcecode.swift; name = EVReflectable.swift; path = ../Source/EVReflectable.swift; sourceTree = "<group>"; };
		7FF9B8281E237F910089A3A1 /* EVReflection.swift */ = {isa = PBXFileReference; fileEncoding = 4; lastKnownFileType = sourcecode.swift; name = EVReflection.swift; path = ../Source/EVReflection.swift; sourceTree = "<group>"; };
		7FF9B8291E237F910089A3A1 /* EVWorkaroundHelpers.swift */ = {isa = PBXFileReference; fileEncoding = 4; lastKnownFileType = sourcecode.swift; name = EVWorkaroundHelpers.swift; path = ../Source/EVWorkaroundHelpers.swift; sourceTree = "<group>"; };
		D06F6D751F5E414B0061ACB2 /* EVReflection_CloudKit.framework */ = {isa = PBXFileReference; explicitFileType = wrapper.framework; includeInIndex = 0; path = EVReflection_CloudKit.framework; sourceTree = BUILT_PRODUCTS_DIR; };
		D06F6D771F5E414B0061ACB2 /* EVReflectionCloudKitIOS.h */ = {isa = PBXFileReference; lastKnownFileType = sourcecode.c.h; path = EVReflectionCloudKitIOS.h; sourceTree = "<group>"; };
		D06F6D781F5E414B0061ACB2 /* Info.plist */ = {isa = PBXFileReference; lastKnownFileType = text.plist.xml; path = Info.plist; sourceTree = "<group>"; };
		D06F6D8D1F5E42D30061ACB2 /* CKDataObject.swift */ = {isa = PBXFileReference; fileEncoding = 4; lastKnownFileType = sourcecode.swift; path = CKDataObject.swift; sourceTree = "<group>"; };
		D06F6D8E1F5E42D30061ACB2 /* CKRecord+EVReflectable.swift */ = {isa = PBXFileReference; fileEncoding = 4; lastKnownFileType = sourcecode.swift; path = "CKRecord+EVReflectable.swift"; sourceTree = "<group>"; };
		D09860EF1F76DE7700275D18 /* EVReflection_CloudKit.framework */ = {isa = PBXFileReference; explicitFileType = wrapper.framework; includeInIndex = 0; path = EVReflection_CloudKit.framework; sourceTree = BUILT_PRODUCTS_DIR; };
		D09860F11F76DE7700275D18 /* EVReflectionCloudKitMacOS.h */ = {isa = PBXFileReference; lastKnownFileType = sourcecode.c.h; path = EVReflectionCloudKitMacOS.h; sourceTree = "<group>"; };
		D09860F21F76DE7700275D18 /* Info.plist */ = {isa = PBXFileReference; lastKnownFileType = text.plist.xml; path = Info.plist; sourceTree = "<group>"; };
/* End PBXFileReference section */

/* Begin PBXFrameworksBuildPhase section */
		2DC8AA391C24215500FA6B8E /* Frameworks */ = {
			isa = PBXFrameworksBuildPhase;
			buildActionMask = 2147483647;
			files = (
			);
			runOnlyForDeploymentPostprocessing = 0;
		};
		2DC8AA5F1C242E0600FA6B8E /* Frameworks */ = {
			isa = PBXFrameworksBuildPhase;
			buildActionMask = 2147483647;
			files = (
			);
			runOnlyForDeploymentPostprocessing = 0;
		};
		7F9336AA1C28227400AF7076 /* Frameworks */ = {
			isa = PBXFrameworksBuildPhase;
			buildActionMask = 2147483647;
			files = (
			);
			runOnlyForDeploymentPostprocessing = 0;
		};
		7FD67D871C288B560071234B /* Frameworks */ = {
			isa = PBXFrameworksBuildPhase;
			buildActionMask = 2147483647;
			files = (
			);
			runOnlyForDeploymentPostprocessing = 0;
		};
		D06F6D711F5E414B0061ACB2 /* Frameworks */ = {
			isa = PBXFrameworksBuildPhase;
			buildActionMask = 2147483647;
			files = (
			);
			runOnlyForDeploymentPostprocessing = 0;
		};
		D09860EB1F76DE7700275D18 /* Frameworks */ = {
			isa = PBXFrameworksBuildPhase;
			buildActionMask = 2147483647;
			files = (
			);
			runOnlyForDeploymentPostprocessing = 0;
		};
/* End PBXFrameworksBuildPhase section */

/* Begin PBXGroup section */
		2DC8AA3E1C24215500FA6B8E /* EVReflectionIOS */ = {
			isa = PBXGroup;
			children = (
				2DC8AA3F1C24215500FA6B8E /* EVReflection.h */,
				2DC8AA411C24215500FA6B8E /* Info.plist */,
			);
			path = EVReflectionIOS;
			sourceTree = "<group>";
		};
		2DC8AA641C242E0600FA6B8E /* EVReflectionMacOS */ = {
			isa = PBXGroup;
			children = (
				2DC8AA651C242E0600FA6B8E /* EVReflectionMacOS.h */,
				2DC8AA671C242E0600FA6B8E /* Info.plist */,
			);
			path = EVReflectionMacOS;
			sourceTree = "<group>";
		};
		7F07C5541AF101A9000DF1F3 = {
			isa = PBXGroup;
			children = (
				7F1C9D301E23CD6900A18776 /* README.md */,
				7FF9B8241E237F6F0089A3A1 /* Source */,
				2DC8AA3E1C24215500FA6B8E /* EVReflectionIOS */,
				2DC8AA641C242E0600FA6B8E /* EVReflectionMacOS */,
				7F9336AF1C28227400AF7076 /* EVReflectionTVOS */,
				7FD67D8C1C288B560071234B /* EVReflectionWatchOS */,
				D06F6D761F5E414B0061ACB2 /* EVReflectionCloudKitIOS */,
				D09860F01F76DE7700275D18 /* EVReflectionCloudKitMacOS */,
				7F1C9D291E23C6C100A18776 /* EVReflection.framework */,
				7F1C9D2A1E23C6C100A18776 /* EVReflection.framework */,
				7F1C9D2B1E23C6C100A18776 /* EVReflection.framework */,
				7F1C9D2C1E23C6C100A18776 /* EVReflection.framework */,
				D06F6D751F5E414B0061ACB2 /* EVReflection_CloudKit.framework */,
				D09860EF1F76DE7700275D18 /* EVReflection_CloudKit.framework */,
			);
			sourceTree = "<group>";
		};
		7F9336AF1C28227400AF7076 /* EVReflectionTVOS */ = {
			isa = PBXGroup;
			children = (
				7F9336B01C28227400AF7076 /* EVReflectionTVOS.h */,
				7F9336B21C28227400AF7076 /* Info.plist */,
			);
			path = EVReflectionTVOS;
			sourceTree = "<group>";
		};
		7FD67D8C1C288B560071234B /* EVReflectionWatchOS */ = {
			isa = PBXGroup;
			children = (
				7FD67D8D1C288B560071234B /* EVReflectionWatchOS.h */,
				7FD67D8F1C288B560071234B /* Info.plist */,
			);
			path = EVReflectionWatchOS;
			sourceTree = "<group>";
		};
		7FF9B8241E237F6F0089A3A1 /* Source */ = {
			isa = PBXGroup;
			children = (
				D06F6D8C1F5E42D30061ACB2 /* CloudKit */,
				13B051231EEE6123002629F9 /* ConversionOptions.swift */,
				13B051241EEE6123002629F9 /* DeserializationStatus.swift */,
				13B051251EEE6123002629F9 /* PrintOptions.swift */,
				7FF9B8251E237F910089A3A1 /* EVArrayExtension.swift */,
				7F75C54A1E463786003B08C5 /* EVDictionaryExtension.swift */,
				7FF9B8261E237F910089A3A1 /* EVObject.swift */,
				7FF9B8271E237F910089A3A1 /* EVReflectable.swift */,
				7FF9B8281E237F910089A3A1 /* EVReflection.swift */,
				7FF9B8291E237F910089A3A1 /* EVWorkaroundHelpers.swift */,
			);
			name = Source;
			sourceTree = "<group>";
		};
		D06F6D761F5E414B0061ACB2 /* EVReflectionCloudKitIOS */ = {
			isa = PBXGroup;
			children = (
				D06F6D771F5E414B0061ACB2 /* EVReflectionCloudKitIOS.h */,
				D06F6D781F5E414B0061ACB2 /* Info.plist */,
			);
			path = EVReflectionCloudKitIOS;
			sourceTree = "<group>";
		};
		D06F6D8C1F5E42D30061ACB2 /* CloudKit */ = {
			isa = PBXGroup;
			children = (
				D06F6D8D1F5E42D30061ACB2 /* CKDataObject.swift */,
				D06F6D8E1F5E42D30061ACB2 /* CKRecord+EVReflectable.swift */,
			);
			name = CloudKit;
			path = ../Source/CloudKit;
			sourceTree = "<group>";
		};
		D09860F01F76DE7700275D18 /* EVReflectionCloudKitMacOS */ = {
			isa = PBXGroup;
			children = (
				D09860F11F76DE7700275D18 /* EVReflectionCloudKitMacOS.h */,
				D09860F21F76DE7700275D18 /* Info.plist */,
			);
			path = EVReflectionCloudKitMacOS;
			sourceTree = "<group>";
		};
/* End PBXGroup section */

/* Begin PBXHeadersBuildPhase section */
		2DC8AA3A1C24215500FA6B8E /* Headers */ = {
			isa = PBXHeadersBuildPhase;
			buildActionMask = 2147483647;
			files = (
				2DC8AA401C24215500FA6B8E /* EVReflection.h in Headers */,
			);
			runOnlyForDeploymentPostprocessing = 0;
		};
		2DC8AA601C242E0600FA6B8E /* Headers */ = {
			isa = PBXHeadersBuildPhase;
			buildActionMask = 2147483647;
			files = (
				2DC8AA661C242E0600FA6B8E /* EVReflectionMacOS.h in Headers */,
			);
			runOnlyForDeploymentPostprocessing = 0;
		};
		7F9336AB1C28227400AF7076 /* Headers */ = {
			isa = PBXHeadersBuildPhase;
			buildActionMask = 2147483647;
			files = (
				D097DC901DD663990020CA9A /* EVReflectionTVOS.h in Headers */,
			);
			runOnlyForDeploymentPostprocessing = 0;
		};
		7FD67D881C288B560071234B /* Headers */ = {
			isa = PBXHeadersBuildPhase;
			buildActionMask = 2147483647;
			files = (
				7FD67D8E1C288B560071234B /* EVReflectionWatchOS.h in Headers */,
			);
			runOnlyForDeploymentPostprocessing = 0;
		};
		D06F6D721F5E414B0061ACB2 /* Headers */ = {
			isa = PBXHeadersBuildPhase;
			buildActionMask = 2147483647;
			files = (
				D06F6D851F5E414B0061ACB2 /* EVReflectionCloudKitIOS.h in Headers */,
			);
			runOnlyForDeploymentPostprocessing = 0;
		};
		D09860EC1F76DE7700275D18 /* Headers */ = {
			isa = PBXHeadersBuildPhase;
			buildActionMask = 2147483647;
			files = (
				D09860F31F76DE7700275D18 /* EVReflectionCloudKitMacOS.h in Headers */,
			);
			runOnlyForDeploymentPostprocessing = 0;
		};
/* End PBXHeadersBuildPhase section */

/* Begin PBXNativeTarget section */
		2DC8AA3C1C24215500FA6B8E /* EVReflection_iOS */ = {
			isa = PBXNativeTarget;
			buildConfigurationList = 2DC8AA521C24215500FA6B8E /* Build configuration list for PBXNativeTarget "EVReflection_iOS" */;
			buildPhases = (
				2DC8AA381C24215500FA6B8E /* Sources */,
				2DC8AA391C24215500FA6B8E /* Frameworks */,
				2DC8AA3A1C24215500FA6B8E /* Headers */,
				2DC8AA3B1C24215500FA6B8E /* Resources */,
			);
			buildRules = (
			);
			dependencies = (
			);
			name = EVReflection_iOS;
			productName = EVReflection;
			productReference = 7F1C9D291E23C6C100A18776 /* EVReflection.framework */;
			productType = "com.apple.product-type.framework";
		};
		2DC8AA621C242E0600FA6B8E /* EVReflection_MacOS */ = {
			isa = PBXNativeTarget;
			buildConfigurationList = 2DC8AA741C242E0600FA6B8E /* Build configuration list for PBXNativeTarget "EVReflection_MacOS" */;
			buildPhases = (
				2DC8AA5E1C242E0600FA6B8E /* Sources */,
				2DC8AA5F1C242E0600FA6B8E /* Frameworks */,
				2DC8AA601C242E0600FA6B8E /* Headers */,
				2DC8AA611C242E0600FA6B8E /* Resources */,
			);
			buildRules = (
			);
			dependencies = (
			);
			name = EVReflection_MacOS;
			productName = EVReflectionOSX;
			productReference = 7F1C9D2A1E23C6C100A18776 /* EVReflection.framework */;
			productType = "com.apple.product-type.framework";
		};
		7F9336AD1C28227400AF7076 /* EVReflection_TVOS */ = {
			isa = PBXNativeTarget;
			buildConfigurationList = 7F9336BF1C28227400AF7076 /* Build configuration list for PBXNativeTarget "EVReflection_TVOS" */;
			buildPhases = (
				7F9336A91C28227400AF7076 /* Sources */,
				7F9336AA1C28227400AF7076 /* Frameworks */,
				7F9336AB1C28227400AF7076 /* Headers */,
				7F9336AC1C28227400AF7076 /* Resources */,
			);
			buildRules = (
			);
			dependencies = (
			);
			name = EVReflection_TVOS;
			productName = "EVReflection TVOS";
			productReference = 7F1C9D2B1E23C6C100A18776 /* EVReflection.framework */;
			productType = "com.apple.product-type.framework";
		};
		7FD67D8A1C288B560071234B /* EVReflection_WatchOS */ = {
			isa = PBXNativeTarget;
			buildConfigurationList = 7FD67D901C288B560071234B /* Build configuration list for PBXNativeTarget "EVReflection_WatchOS" */;
			buildPhases = (
				7FD67D861C288B560071234B /* Sources */,
				7FD67D871C288B560071234B /* Frameworks */,
				7FD67D881C288B560071234B /* Headers */,
				7FD67D891C288B560071234B /* Resources */,
			);
			buildRules = (
			);
			dependencies = (
			);
			name = EVReflection_WatchOS;
			productName = EVReflectionWatchOS;
			productReference = 7F1C9D2C1E23C6C100A18776 /* EVReflection.framework */;
			productType = "com.apple.product-type.framework";
		};
		D06F6D741F5E414B0061ACB2 /* EVReflection_CloudKit_iOS */ = {
			isa = PBXNativeTarget;
			buildConfigurationList = D06F6D8A1F5E414B0061ACB2 /* Build configuration list for PBXNativeTarget "EVReflection_CloudKit_iOS" */;
			buildPhases = (
				D06F6D701F5E414B0061ACB2 /* Sources */,
				D06F6D711F5E414B0061ACB2 /* Frameworks */,
				D06F6D721F5E414B0061ACB2 /* Headers */,
				D06F6D731F5E414B0061ACB2 /* Resources */,
			);
			buildRules = (
			);
			dependencies = (
			);
			name = EVReflection_CloudKit_iOS;
			productName = EVReflection_CloudKit;
			productReference = D06F6D751F5E414B0061ACB2 /* EVReflection_CloudKit.framework */;
			productType = "com.apple.product-type.framework";
		};
		D09860EE1F76DE7700275D18 /* EVReflection_CloudKit_MacOS */ = {
			isa = PBXNativeTarget;
			buildConfigurationList = D09860F41F76DE7700275D18 /* Build configuration list for PBXNativeTarget "EVReflection_CloudKit_MacOS" */;
			buildPhases = (
				D09860EA1F76DE7700275D18 /* Sources */,
				D09860EB1F76DE7700275D18 /* Frameworks */,
				D09860EC1F76DE7700275D18 /* Headers */,
				D09860ED1F76DE7700275D18 /* Resources */,
			);
			buildRules = (
			);
			dependencies = (
			);
			name = EVReflection_CloudKit_MacOS;
			productName = EVReflectionCloudKitMacOS;
			productReference = D09860EF1F76DE7700275D18 /* EVReflection_CloudKit.framework */;
			productType = "com.apple.product-type.framework";
		};
/* End PBXNativeTarget section */

/* Begin PBXProject section */
		7F07C5551AF101A9000DF1F3 /* Project object */ = {
			isa = PBXProject;
			attributes = {
				LastSwiftUpdateCheck = 0830;
				LastUpgradeCheck = 0900;
				ORGANIZATIONNAME = evict;
				TargetAttributes = {
					2DC8AA3C1C24215500FA6B8E = {
						CreatedOnToolsVersion = 7.2;
						LastSwiftMigration = 0800;
					};
					2DC8AA621C242E0600FA6B8E = {
						CreatedOnToolsVersion = 7.2;
					};
					7F9336AD1C28227400AF7076 = {
						CreatedOnToolsVersion = 7.2;
						LastSwiftMigration = 0810;
					};
					7FD67D8A1C288B560071234B = {
						CreatedOnToolsVersion = 7.2;
					};
					D06F6D741F5E414B0061ACB2 = {
						CreatedOnToolsVersion = 8.3.3;
						DevelopmentTeam = RHYN2UNUC3;
						ProvisioningStyle = Automatic;
					};
					D09860EE1F76DE7700275D18 = {
						CreatedOnToolsVersion = 9.0;
						DevelopmentTeam = RHYN2UNUC3;
						ProvisioningStyle = Automatic;
					};
				};
			};
			buildConfigurationList = 7F07C5581AF101A9000DF1F3 /* Build configuration list for PBXProject "Carthage" */;
			compatibilityVersion = "Xcode 3.2";
			developmentRegion = English;
			hasScannedForEncodings = 0;
			knownRegions = (
				en,
				Base,
			);
			mainGroup = 7F07C5541AF101A9000DF1F3;
			productRefGroup = 7F07C5541AF101A9000DF1F3;
			projectDirPath = "";
			projectRoot = "";
			targets = (
				2DC8AA3C1C24215500FA6B8E /* EVReflection_iOS */,
				2DC8AA621C242E0600FA6B8E /* EVReflection_MacOS */,
				7F9336AD1C28227400AF7076 /* EVReflection_TVOS */,
				7FD67D8A1C288B560071234B /* EVReflection_WatchOS */,
				D06F6D741F5E414B0061ACB2 /* EVReflection_CloudKit_iOS */,
				D09860EE1F76DE7700275D18 /* EVReflection_CloudKit_MacOS */,
			);
		};
/* End PBXProject section */

/* Begin PBXResourcesBuildPhase section */
		2DC8AA3B1C24215500FA6B8E /* Resources */ = {
			isa = PBXResourcesBuildPhase;
			buildActionMask = 2147483647;
			files = (
			);
			runOnlyForDeploymentPostprocessing = 0;
		};
		2DC8AA611C242E0600FA6B8E /* Resources */ = {
			isa = PBXResourcesBuildPhase;
			buildActionMask = 2147483647;
			files = (
			);
			runOnlyForDeploymentPostprocessing = 0;
		};
		7F9336AC1C28227400AF7076 /* Resources */ = {
			isa = PBXResourcesBuildPhase;
			buildActionMask = 2147483647;
			files = (
			);
			runOnlyForDeploymentPostprocessing = 0;
		};
		7FD67D891C288B560071234B /* Resources */ = {
			isa = PBXResourcesBuildPhase;
			buildActionMask = 2147483647;
			files = (
			);
			runOnlyForDeploymentPostprocessing = 0;
		};
		D06F6D731F5E414B0061ACB2 /* Resources */ = {
			isa = PBXResourcesBuildPhase;
			buildActionMask = 2147483647;
			files = (
			);
			runOnlyForDeploymentPostprocessing = 0;
		};
		D09860ED1F76DE7700275D18 /* Resources */ = {
			isa = PBXResourcesBuildPhase;
			buildActionMask = 2147483647;
			files = (
			);
			runOnlyForDeploymentPostprocessing = 0;
		};
/* End PBXResourcesBuildPhase section */

/* Begin PBXSourcesBuildPhase section */
		2DC8AA381C24215500FA6B8E /* Sources */ = {
			isa = PBXSourcesBuildPhase;
			buildActionMask = 2147483647;
			files = (
				7FF9B83A1E237F910089A3A1 /* EVWorkaroundHelpers.swift in Sources */,
				7F75C54B1E463786003B08C5 /* EVDictionaryExtension.swift in Sources */,
				7FF9B82A1E237F910089A3A1 /* EVArrayExtension.swift in Sources */,
				13B051281EEE6123002629F9 /* PrintOptions.swift in Sources */,
				13B051261EEE6123002629F9 /* ConversionOptions.swift in Sources */,
				7FF9B82E1E237F910089A3A1 /* EVObject.swift in Sources */,
				13B051271EEE6123002629F9 /* DeserializationStatus.swift in Sources */,
				7FF9B8321E237F910089A3A1 /* EVReflectable.swift in Sources */,
				7FF9B8361E237F910089A3A1 /* EVReflection.swift in Sources */,
			);
			runOnlyForDeploymentPostprocessing = 0;
		};
		2DC8AA5E1C242E0600FA6B8E /* Sources */ = {
			isa = PBXSourcesBuildPhase;
			buildActionMask = 2147483647;
			files = (
				7F75C54C1E4637A0003B08C5 /* EVDictionaryExtension.swift in Sources */,
				13B0512F1EEE613B002629F9 /* PrintOptions.swift in Sources */,
				13B0512C1EEE6136002629F9 /* DeserializationStatus.swift in Sources */,
				13B051291EEE6130002629F9 /* ConversionOptions.swift in Sources */,
				7FF9B83B1E237F910089A3A1 /* EVWorkaroundHelpers.swift in Sources */,
				7FF9B82B1E237F910089A3A1 /* EVArrayExtension.swift in Sources */,
				7FF9B82F1E237F910089A3A1 /* EVObject.swift in Sources */,
				7FF9B8331E237F910089A3A1 /* EVReflectable.swift in Sources */,
				7FF9B8371E237F910089A3A1 /* EVReflection.swift in Sources */,
			);
			runOnlyForDeploymentPostprocessing = 0;
		};
		7F9336A91C28227400AF7076 /* Sources */ = {
			isa = PBXSourcesBuildPhase;
			buildActionMask = 2147483647;
			files = (
				7F75C54D1E4637A1003B08C5 /* EVDictionaryExtension.swift in Sources */,
				13B051301EEE613C002629F9 /* PrintOptions.swift in Sources */,
				13B0512D1EEE6136002629F9 /* DeserializationStatus.swift in Sources */,
				13B0512A1EEE6131002629F9 /* ConversionOptions.swift in Sources */,
				7FF9B83C1E237F910089A3A1 /* EVWorkaroundHelpers.swift in Sources */,
				7FF9B82C1E237F910089A3A1 /* EVArrayExtension.swift in Sources */,
				7FF9B8301E237F910089A3A1 /* EVObject.swift in Sources */,
				7FF9B8341E237F910089A3A1 /* EVReflectable.swift in Sources */,
				7FF9B8381E237F910089A3A1 /* EVReflection.swift in Sources */,
			);
			runOnlyForDeploymentPostprocessing = 0;
		};
		7FD67D861C288B560071234B /* Sources */ = {
			isa = PBXSourcesBuildPhase;
			buildActionMask = 2147483647;
			files = (
				7F75C54E1E4637A2003B08C5 /* EVDictionaryExtension.swift in Sources */,
				13B051311EEE613D002629F9 /* PrintOptions.swift in Sources */,
				13B0512E1EEE6137002629F9 /* DeserializationStatus.swift in Sources */,
				13B0512B1EEE6132002629F9 /* ConversionOptions.swift in Sources */,
				7FF9B83D1E237F910089A3A1 /* EVWorkaroundHelpers.swift in Sources */,
				7FF9B82D1E237F910089A3A1 /* EVArrayExtension.swift in Sources */,
				7FF9B8311E237F910089A3A1 /* EVObject.swift in Sources */,
				7FF9B8351E237F910089A3A1 /* EVReflectable.swift in Sources */,
				7FF9B8391E237F910089A3A1 /* EVReflection.swift in Sources */,
			);
			runOnlyForDeploymentPostprocessing = 0;
		};
		D06F6D701F5E414B0061ACB2 /* Sources */ = {
			isa = PBXSourcesBuildPhase;
			buildActionMask = 2147483647;
			files = (
				D06F6D9B1F5E43A70061ACB2 /* EVDictionaryExtension.swift in Sources */,
				D06F6D961F5E43200061ACB2 /* DeserializationStatus.swift in Sources */,
				D06F6D981F5E43520061ACB2 /* EVWorkaroundHelpers.swift in Sources */,
				D06F6D901F5E42D30061ACB2 /* CKDataObject.swift in Sources */,
				D06F6D991F5E43730061ACB2 /* PrintOptions.swift in Sources */,
				D06F6D971F5E432B0061ACB2 /* EVReflection.swift in Sources */,
				D06F6D951F5E43150061ACB2 /* ConversionOptions.swift in Sources */,
				D06F6D911F5E42D30061ACB2 /* CKRecord+EVReflectable.swift in Sources */,
				D06F6D941F5E43080061ACB2 /* EVReflectable.swift in Sources */,
				D06F6D931F5E43000061ACB2 /* EVObject.swift in Sources */,
				D06F6D9A1F5E43890061ACB2 /* EVArrayExtension.swift in Sources */,
			);
			runOnlyForDeploymentPostprocessing = 0;
		};
		D09860EA1F76DE7700275D18 /* Sources */ = {
			isa = PBXSourcesBuildPhase;
			buildActionMask = 2147483647;
			files = (
				D09860FC1F76DF6400275D18 /* EVArrayExtension.swift in Sources */,
				D09860F71F76DF5900275D18 /* CKDataObject.swift in Sources */,
				D09860FD1F76DF6400275D18 /* EVDictionaryExtension.swift in Sources */,
				D09860FE1F76DF6400275D18 /* EVObject.swift in Sources */,
				D09860FA1F76DF6400275D18 /* DeserializationStatus.swift in Sources */,
				D09860F81F76DF5C00275D18 /* CKRecord+EVReflectable.swift in Sources */,
				D09861011F76DF6400275D18 /* EVWorkaroundHelpers.swift in Sources */,
				D09860F91F76DF6400275D18 /* ConversionOptions.swift in Sources */,
				D09860FB1F76DF6400275D18 /* PrintOptions.swift in Sources */,
				D09860FF1F76DF6400275D18 /* EVReflectable.swift in Sources */,
				D09861001F76DF6400275D18 /* EVReflection.swift in Sources */,
			);
			runOnlyForDeploymentPostprocessing = 0;
		};
/* End PBXSourcesBuildPhase section */

/* Begin XCBuildConfiguration section */
		2DC8AA4E1C24215500FA6B8E /* Debug */ = {
			isa = XCBuildConfiguration;
			buildSettings = {
				CODE_SIGN_IDENTITY = "iPhone Developer";
				"CODE_SIGN_IDENTITY[sdk=iphoneos*]" = "";
				CURRENT_PROJECT_VERSION = 1;
				DEBUG_INFORMATION_FORMAT = dwarf;
				DEFINES_MODULE = YES;
				DYLIB_COMPATIBILITY_VERSION = 1;
				DYLIB_CURRENT_VERSION = 1;
				DYLIB_INSTALL_NAME_BASE = "@rpath";
				INFOPLIST_FILE = EVReflectionIOS/Info.plist;
				INSTALL_PATH = "$(LOCAL_LIBRARY_DIR)/Frameworks";
				LD_RUNPATH_SEARCH_PATHS = "$(inherited) @executable_path/Frameworks @loader_path/Frameworks";
				MODULE_NAME = EVReflection;
				PRODUCT_BUNDLE_IDENTIFIER = nl.evict.EVReflectioniOS;
				PRODUCT_NAME = EVReflection;
				SKIP_INSTALL = YES;
				SWIFT_VERSION = 4.0;
				VERSIONING_SYSTEM = "apple-generic";
				VERSION_INFO_PREFIX = "";
			};
			name = Debug;
		};
		2DC8AA4F1C24215500FA6B8E /* Release */ = {
			isa = XCBuildConfiguration;
			buildSettings = {
				CODE_SIGN_IDENTITY = "iPhone Developer";
				"CODE_SIGN_IDENTITY[sdk=iphoneos*]" = "";
				CURRENT_PROJECT_VERSION = 1;
				DEFINES_MODULE = YES;
				DYLIB_COMPATIBILITY_VERSION = 1;
				DYLIB_CURRENT_VERSION = 1;
				DYLIB_INSTALL_NAME_BASE = "@rpath";
				INFOPLIST_FILE = EVReflectionIOS/Info.plist;
				INSTALL_PATH = "$(LOCAL_LIBRARY_DIR)/Frameworks";
				LD_RUNPATH_SEARCH_PATHS = "$(inherited) @executable_path/Frameworks @loader_path/Frameworks";
				MODULE_NAME = EVReflection;
				PRODUCT_BUNDLE_IDENTIFIER = nl.evict.EVReflectioniOS;
				PRODUCT_NAME = EVReflection;
				SKIP_INSTALL = YES;
				SWIFT_VERSION = 4.0;
				VERSIONING_SYSTEM = "apple-generic";
				VERSION_INFO_PREFIX = "";
			};
			name = Release;
		};
		2DC8AA751C242E0600FA6B8E /* Debug */ = {
			isa = XCBuildConfiguration;
			buildSettings = {
				CODE_SIGN_IDENTITY = "";
				COMBINE_HIDPI_IMAGES = YES;
				CURRENT_PROJECT_VERSION = 1;
				DEBUG_INFORMATION_FORMAT = dwarf;
				DEFINES_MODULE = YES;
				DYLIB_COMPATIBILITY_VERSION = 1;
				DYLIB_CURRENT_VERSION = 1;
				DYLIB_INSTALL_NAME_BASE = "@rpath";
				INFOPLIST_FILE = "$(SRCROOT)/EVReflectionMacOS/Info.plist";
				INSTALL_PATH = "$(LOCAL_LIBRARY_DIR)/Frameworks";
				LD_RUNPATH_SEARCH_PATHS = "$(inherited) @executable_path/Frameworks @loader_path/Frameworks";
				MACOSX_DEPLOYMENT_TARGET = 10.9;
				MODULE_NAME = EVReflection;
				PRODUCT_BUNDLE_IDENTIFIER = nl.evict.EVReflectionMacOS;
				PRODUCT_NAME = EVReflection;
				SDKROOT = macosx;
				SKIP_INSTALL = YES;
				SUPPORTED_PLATFORMS = macosx;
				SWIFT_VERSION = 4.0;
				VERSIONING_SYSTEM = "apple-generic";
				VERSION_INFO_PREFIX = "";
			};
			name = Debug;
		};
		2DC8AA761C242E0600FA6B8E /* Release */ = {
			isa = XCBuildConfiguration;
			buildSettings = {
				CODE_SIGN_IDENTITY = "";
				COMBINE_HIDPI_IMAGES = YES;
				CURRENT_PROJECT_VERSION = 1;
				DEFINES_MODULE = YES;
				DYLIB_COMPATIBILITY_VERSION = 1;
				DYLIB_CURRENT_VERSION = 1;
				DYLIB_INSTALL_NAME_BASE = "@rpath";
				INFOPLIST_FILE = "$(SRCROOT)/EVReflectionMacOS/Info.plist";
				INSTALL_PATH = "$(LOCAL_LIBRARY_DIR)/Frameworks";
				LD_RUNPATH_SEARCH_PATHS = "$(inherited) @executable_path/Frameworks @loader_path/Frameworks";
				MACOSX_DEPLOYMENT_TARGET = 10.9;
				MODULE_NAME = EVReflection;
				PRODUCT_BUNDLE_IDENTIFIER = nl.evict.EVReflectionMacOS;
				PRODUCT_NAME = EVReflection;
				SDKROOT = macosx;
				SKIP_INSTALL = YES;
				SUPPORTED_PLATFORMS = macosx;
				SWIFT_VERSION = 4.0;
				VERSIONING_SYSTEM = "apple-generic";
				VERSION_INFO_PREFIX = "";
			};
			name = Release;
		};
		7F07C57A1AF101A9000DF1F3 /* Debug */ = {
			isa = XCBuildConfiguration;
			buildSettings = {
				ALWAYS_SEARCH_USER_PATHS = NO;
				APPLICATION_EXTENSION_API_ONLY = YES;
				CLANG_CXX_LANGUAGE_STANDARD = "gnu++0x";
				CLANG_CXX_LIBRARY = "libc++";
				CLANG_ENABLE_MODULES = YES;
				CLANG_ENABLE_OBJC_ARC = YES;
				CLANG_WARN_BLOCK_CAPTURE_AUTORELEASING = YES;
				CLANG_WARN_BOOL_CONVERSION = YES;
				CLANG_WARN_COMMA = YES;
				CLANG_WARN_CONSTANT_CONVERSION = YES;
				CLANG_WARN_DIRECT_OBJC_ISA_USAGE = YES_ERROR;
				CLANG_WARN_EMPTY_BODY = YES;
				CLANG_WARN_ENUM_CONVERSION = YES;
				CLANG_WARN_INFINITE_RECURSION = YES;
				CLANG_WARN_INT_CONVERSION = YES;
				CLANG_WARN_NON_LITERAL_NULL_CONVERSION = YES;
				CLANG_WARN_OBJC_LITERAL_CONVERSION = YES;
				CLANG_WARN_OBJC_ROOT_CLASS = YES_ERROR;
				CLANG_WARN_RANGE_LOOP_ANALYSIS = YES;
				CLANG_WARN_STRICT_PROTOTYPES = YES;
				CLANG_WARN_SUSPICIOUS_MOVE = YES;
				CLANG_WARN_UNREACHABLE_CODE = YES;
				CLANG_WARN__DUPLICATE_METHOD_MATCH = YES;
				"CODE_SIGN_IDENTITY[sdk=iphoneos*]" = "iPhone Developer";
				COPY_PHASE_STRIP = NO;
				DEBUG_INFORMATION_FORMAT = "dwarf-with-dsym";
				ENABLE_STRICT_OBJC_MSGSEND = YES;
				ENABLE_TESTABILITY = YES;
				GCC_C_LANGUAGE_STANDARD = gnu99;
				GCC_DYNAMIC_NO_PIC = NO;
				GCC_NO_COMMON_BLOCKS = YES;
				GCC_OPTIMIZATION_LEVEL = 0;
				GCC_PREPROCESSOR_DEFINITIONS = (
					"DEBUG=1",
					"$(inherited)",
				);
				GCC_SYMBOLS_PRIVATE_EXTERN = NO;
				GCC_WARN_64_TO_32_BIT_CONVERSION = YES;
				GCC_WARN_ABOUT_RETURN_TYPE = YES_ERROR;
				GCC_WARN_UNDECLARED_SELECTOR = YES;
				GCC_WARN_UNINITIALIZED_AUTOS = YES_AGGRESSIVE;
				GCC_WARN_UNUSED_FUNCTION = YES;
				GCC_WARN_UNUSED_VARIABLE = YES;
				IPHONEOS_DEPLOYMENT_TARGET = 8.0;
				MACOSX_DEPLOYMENT_TARGET = 10.9;
				MTL_ENABLE_DEBUG_INFO = YES;
				ONLY_ACTIVE_ARCH = YES;
				SDKROOT = iphoneos;
				SWIFT_OPTIMIZATION_LEVEL = "-Onone";
				SWIFT_VERSION = 3.0;
				TARGETED_DEVICE_FAMILY = "1,2";
			};
			name = Debug;
		};
		7F07C57B1AF101A9000DF1F3 /* Release */ = {
			isa = XCBuildConfiguration;
			buildSettings = {
				ALWAYS_SEARCH_USER_PATHS = NO;
				APPLICATION_EXTENSION_API_ONLY = YES;
				CLANG_CXX_LANGUAGE_STANDARD = "gnu++0x";
				CLANG_CXX_LIBRARY = "libc++";
				CLANG_ENABLE_MODULES = YES;
				CLANG_ENABLE_OBJC_ARC = YES;
				CLANG_WARN_BLOCK_CAPTURE_AUTORELEASING = YES;
				CLANG_WARN_BOOL_CONVERSION = YES;
				CLANG_WARN_COMMA = YES;
				CLANG_WARN_CONSTANT_CONVERSION = YES;
				CLANG_WARN_DIRECT_OBJC_ISA_USAGE = YES_ERROR;
				CLANG_WARN_EMPTY_BODY = YES;
				CLANG_WARN_ENUM_CONVERSION = YES;
				CLANG_WARN_INFINITE_RECURSION = YES;
				CLANG_WARN_INT_CONVERSION = YES;
				CLANG_WARN_NON_LITERAL_NULL_CONVERSION = YES;
				CLANG_WARN_OBJC_LITERAL_CONVERSION = YES;
				CLANG_WARN_OBJC_ROOT_CLASS = YES_ERROR;
				CLANG_WARN_RANGE_LOOP_ANALYSIS = YES;
				CLANG_WARN_STRICT_PROTOTYPES = YES;
				CLANG_WARN_SUSPICIOUS_MOVE = YES;
				CLANG_WARN_UNREACHABLE_CODE = YES;
				CLANG_WARN__DUPLICATE_METHOD_MATCH = YES;
				"CODE_SIGN_IDENTITY[sdk=iphoneos*]" = "iPhone Developer";
				COPY_PHASE_STRIP = NO;
				DEBUG_INFORMATION_FORMAT = "dwarf-with-dsym";
				ENABLE_NS_ASSERTIONS = NO;
				ENABLE_STRICT_OBJC_MSGSEND = YES;
				GCC_C_LANGUAGE_STANDARD = gnu99;
				GCC_NO_COMMON_BLOCKS = YES;
				GCC_WARN_64_TO_32_BIT_CONVERSION = YES;
				GCC_WARN_ABOUT_RETURN_TYPE = YES_ERROR;
				GCC_WARN_UNDECLARED_SELECTOR = YES;
				GCC_WARN_UNINITIALIZED_AUTOS = YES_AGGRESSIVE;
				GCC_WARN_UNUSED_FUNCTION = YES;
				GCC_WARN_UNUSED_VARIABLE = YES;
				IPHONEOS_DEPLOYMENT_TARGET = 8.0;
				MACOSX_DEPLOYMENT_TARGET = 10.9;
				MTL_ENABLE_DEBUG_INFO = NO;
				SDKROOT = iphoneos;
				SWIFT_OPTIMIZATION_LEVEL = "-Owholemodule";
				SWIFT_VERSION = 3.0;
				TARGETED_DEVICE_FAMILY = "1,2";
				VALIDATE_PRODUCT = YES;
			};
			name = Release;
		};
		7F9336C01C28227400AF7076 /* Debug */ = {
			isa = XCBuildConfiguration;
			buildSettings = {
				"CODE_SIGN_IDENTITY[sdk=appletvos*]" = "";
				CURRENT_PROJECT_VERSION = 1;
				DEBUG_INFORMATION_FORMAT = dwarf;
				DEFINES_MODULE = YES;
				DYLIB_COMPATIBILITY_VERSION = 1;
				DYLIB_CURRENT_VERSION = 1;
				DYLIB_INSTALL_NAME_BASE = "@rpath";
				INFOPLIST_FILE = EVReflectionTVOS/Info.plist;
				INSTALL_PATH = "$(LOCAL_LIBRARY_DIR)/Frameworks";
				LD_RUNPATH_SEARCH_PATHS = "$(inherited) @executable_path/Frameworks @loader_path/Frameworks";
				MODULE_NAME = EVReflection;
				PRODUCT_BUNDLE_IDENTIFIER = nl.evict.EVReflectionTVOS;
				PRODUCT_NAME = EVReflection;
				SDKROOT = appletvos;
				SKIP_INSTALL = YES;
				SWIFT_VERSION = 4.0;
				TARGETED_DEVICE_FAMILY = 3;
				TVOS_DEPLOYMENT_TARGET = 9.0;
				VERSIONING_SYSTEM = "apple-generic";
				VERSION_INFO_PREFIX = "";
			};
			name = Debug;
		};
		7F9336C11C28227400AF7076 /* Release */ = {
			isa = XCBuildConfiguration;
			buildSettings = {
				"CODE_SIGN_IDENTITY[sdk=appletvos*]" = "";
				CURRENT_PROJECT_VERSION = 1;
				DEFINES_MODULE = YES;
				DYLIB_COMPATIBILITY_VERSION = 1;
				DYLIB_CURRENT_VERSION = 1;
				DYLIB_INSTALL_NAME_BASE = "@rpath";
				INFOPLIST_FILE = EVReflectionTVOS/Info.plist;
				INSTALL_PATH = "$(LOCAL_LIBRARY_DIR)/Frameworks";
				LD_RUNPATH_SEARCH_PATHS = "$(inherited) @executable_path/Frameworks @loader_path/Frameworks";
				MODULE_NAME = EVReflection;
				PRODUCT_BUNDLE_IDENTIFIER = nl.evict.EVReflectionTVOS;
				PRODUCT_NAME = EVReflection;
				SDKROOT = appletvos;
				SKIP_INSTALL = YES;
				SWIFT_VERSION = 4.0;
				TARGETED_DEVICE_FAMILY = 3;
				TVOS_DEPLOYMENT_TARGET = 9.0;
				VERSIONING_SYSTEM = "apple-generic";
				VERSION_INFO_PREFIX = "";
			};
			name = Release;
		};
		7FD67D911C288B560071234B /* Debug */ = {
			isa = XCBuildConfiguration;
			buildSettings = {
				APPLICATION_EXTENSION_API_ONLY = YES;
				"CODE_SIGN_IDENTITY[sdk=watchos*]" = "";
				CURRENT_PROJECT_VERSION = 1;
				DEBUG_INFORMATION_FORMAT = dwarf;
				DEFINES_MODULE = YES;
				DYLIB_COMPATIBILITY_VERSION = 1;
				DYLIB_CURRENT_VERSION = 1;
				DYLIB_INSTALL_NAME_BASE = "@rpath";
				INFOPLIST_FILE = EVReflectionWatchOS/Info.plist;
				INSTALL_PATH = "$(LOCAL_LIBRARY_DIR)/Frameworks";
				LD_RUNPATH_SEARCH_PATHS = "$(inherited) @executable_path/Frameworks @loader_path/Frameworks";
				PRODUCT_BUNDLE_IDENTIFIER = nl.evict.EVReflectionWatchOS;
				PRODUCT_NAME = EVReflection;
				SDKROOT = watchos;
				SKIP_INSTALL = YES;
				SWIFT_VERSION = 4.0;
				TARGETED_DEVICE_FAMILY = 4;
				VERSIONING_SYSTEM = "apple-generic";
				VERSION_INFO_PREFIX = "";
				WATCHOS_DEPLOYMENT_TARGET = 2.1;
			};
			name = Debug;
		};
		7FD67D921C288B560071234B /* Release */ = {
			isa = XCBuildConfiguration;
			buildSettings = {
				APPLICATION_EXTENSION_API_ONLY = YES;
				"CODE_SIGN_IDENTITY[sdk=watchos*]" = "";
				CURRENT_PROJECT_VERSION = 1;
				DEFINES_MODULE = YES;
				DYLIB_COMPATIBILITY_VERSION = 1;
				DYLIB_CURRENT_VERSION = 1;
				DYLIB_INSTALL_NAME_BASE = "@rpath";
				INFOPLIST_FILE = EVReflectionWatchOS/Info.plist;
				INSTALL_PATH = "$(LOCAL_LIBRARY_DIR)/Frameworks";
				LD_RUNPATH_SEARCH_PATHS = "$(inherited) @executable_path/Frameworks @loader_path/Frameworks";
				PRODUCT_BUNDLE_IDENTIFIER = nl.evict.EVReflectionWatchOS;
				PRODUCT_NAME = EVReflection;
				SDKROOT = watchos;
				SKIP_INSTALL = YES;
				SWIFT_VERSION = 4.0;
				TARGETED_DEVICE_FAMILY = 4;
				VERSIONING_SYSTEM = "apple-generic";
				VERSION_INFO_PREFIX = "";
				WATCHOS_DEPLOYMENT_TARGET = 2.1;
			};
			name = Release;
		};
		D06F6D861F5E414B0061ACB2 /* Debug */ = {
			isa = XCBuildConfiguration;
			buildSettings = {
				CLANG_ANALYZER_NONNULL = YES;
				CLANG_ANALYZER_NUMBER_OBJECT_CONVERSION = YES_AGGRESSIVE;
				CLANG_WARN_DOCUMENTATION_COMMENTS = YES;
				CODE_SIGN_IDENTITY = "";
				CURRENT_PROJECT_VERSION = 1;
				DEBUG_INFORMATION_FORMAT = dwarf;
				DEFINES_MODULE = YES;
				DEVELOPMENT_TEAM = RHYN2UNUC3;
				DYLIB_COMPATIBILITY_VERSION = 1;
				DYLIB_CURRENT_VERSION = 1;
				DYLIB_INSTALL_NAME_BASE = "@rpath";
				INFOPLIST_FILE = "$(SRCROOT)/EVReflectionCloudKitIOS/Info.plist";
				INSTALL_PATH = "$(LOCAL_LIBRARY_DIR)/Frameworks";
				IPHONEOS_DEPLOYMENT_TARGET = 8.0;
				LD_RUNPATH_SEARCH_PATHS = "$(inherited) @executable_path/Frameworks @loader_path/Frameworks";
				PRODUCT_BUNDLE_IDENTIFIER = nl.evict.EVReflectionCloudKitIOS;
				PRODUCT_NAME = EVReflection_CloudKit;
				SKIP_INSTALL = YES;
				SWIFT_ACTIVE_COMPILATION_CONDITIONS = DEBUG;
				SWIFT_VERSION = 4.0;
				VERSIONING_SYSTEM = "apple-generic";
				VERSION_INFO_PREFIX = "";
			};
			name = Debug;
		};
		D06F6D871F5E414B0061ACB2 /* Release */ = {
			isa = XCBuildConfiguration;
			buildSettings = {
				CLANG_ANALYZER_NONNULL = YES;
				CLANG_ANALYZER_NUMBER_OBJECT_CONVERSION = YES_AGGRESSIVE;
				CLANG_WARN_DOCUMENTATION_COMMENTS = YES;
				CODE_SIGN_IDENTITY = "";
				CURRENT_PROJECT_VERSION = 1;
				DEFINES_MODULE = YES;
				DEVELOPMENT_TEAM = RHYN2UNUC3;
				DYLIB_COMPATIBILITY_VERSION = 1;
				DYLIB_CURRENT_VERSION = 1;
				DYLIB_INSTALL_NAME_BASE = "@rpath";
				INFOPLIST_FILE = "$(SRCROOT)/EVReflectionCloudKitIOS/Info.plist";
				INSTALL_PATH = "$(LOCAL_LIBRARY_DIR)/Frameworks";
				IPHONEOS_DEPLOYMENT_TARGET = 8.0;
				LD_RUNPATH_SEARCH_PATHS = "$(inherited) @executable_path/Frameworks @loader_path/Frameworks";
				PRODUCT_BUNDLE_IDENTIFIER = nl.evict.EVReflectionCloudKitIOS;
				PRODUCT_NAME = EVReflection_CloudKit;
				SKIP_INSTALL = YES;
				VERSIONING_SYSTEM = "apple-generic";
				VERSION_INFO_PREFIX = "";
			};
			name = Release;
		};
		D09860F51F76DE7700275D18 /* Debug */ = {
			isa = XCBuildConfiguration;
			buildSettings = {
				CLANG_ANALYZER_NONNULL = YES;
				CLANG_ANALYZER_NUMBER_OBJECT_CONVERSION = YES_AGGRESSIVE;
				CLANG_CXX_LANGUAGE_STANDARD = "gnu++14";
				CLANG_WARN_BLOCK_CAPTURE_AUTORELEASING = YES;
				CLANG_WARN_COMMA = YES;
				CLANG_WARN_DOCUMENTATION_COMMENTS = YES;
				CLANG_WARN_NON_LITERAL_NULL_CONVERSION = YES;
				CLANG_WARN_OBJC_LITERAL_CONVERSION = YES;
				CLANG_WARN_RANGE_LOOP_ANALYSIS = YES;
				CLANG_WARN_STRICT_PROTOTYPES = YES;
				CLANG_WARN_UNGUARDED_AVAILABILITY = YES_AGGRESSIVE;
				CODE_SIGN_IDENTITY = "Mac Developer";
				CODE_SIGN_STYLE = Automatic;
				COMBINE_HIDPI_IMAGES = YES;
				CURRENT_PROJECT_VERSION = 1;
				DEBUG_INFORMATION_FORMAT = dwarf;
				DEFINES_MODULE = YES;
				DEVELOPMENT_TEAM = RHYN2UNUC3;
				DYLIB_COMPATIBILITY_VERSION = 1;
				DYLIB_CURRENT_VERSION = 1;
				DYLIB_INSTALL_NAME_BASE = "@rpath";
				FRAMEWORK_VERSION = A;
				GCC_C_LANGUAGE_STANDARD = gnu11;
				INFOPLIST_FILE = EVReflectionCloudKitMacOS/Info.plist;
				INSTALL_PATH = "$(LOCAL_LIBRARY_DIR)/Frameworks";
				LD_RUNPATH_SEARCH_PATHS = "$(inherited) @executable_path/../Frameworks @loader_path/Frameworks";
				MACOSX_DEPLOYMENT_TARGET = 10.10;
				PRODUCT_BUNDLE_IDENTIFIER = nl.evict.EVReflectionCloudKitMacOS;
				PRODUCT_NAME = EVReflection_CloudKit;
				SDKROOT = macosx;
				SKIP_INSTALL = YES;
				VERSIONING_SYSTEM = "apple-generic";
				VERSION_INFO_PREFIX = "";
			};
			name = Debug;
		};
		D09860F61F76DE7700275D18 /* Release */ = {
			isa = XCBuildConfiguration;
			buildSettings = {
				CLANG_ANALYZER_NONNULL = YES;
				CLANG_ANALYZER_NUMBER_OBJECT_CONVERSION = YES_AGGRESSIVE;
				CLANG_CXX_LANGUAGE_STANDARD = "gnu++14";
				CLANG_WARN_BLOCK_CAPTURE_AUTORELEASING = YES;
				CLANG_WARN_COMMA = YES;
				CLANG_WARN_DOCUMENTATION_COMMENTS = YES;
				CLANG_WARN_NON_LITERAL_NULL_CONVERSION = YES;
				CLANG_WARN_OBJC_LITERAL_CONVERSION = YES;
				CLANG_WARN_RANGE_LOOP_ANALYSIS = YES;
				CLANG_WARN_STRICT_PROTOTYPES = YES;
				CLANG_WARN_UNGUARDED_AVAILABILITY = YES_AGGRESSIVE;
				CODE_SIGN_IDENTITY = "Mac Developer";
				CODE_SIGN_STYLE = Automatic;
				COMBINE_HIDPI_IMAGES = YES;
				CURRENT_PROJECT_VERSION = 1;
				DEFINES_MODULE = YES;
				DEVELOPMENT_TEAM = RHYN2UNUC3;
				DYLIB_COMPATIBILITY_VERSION = 1;
				DYLIB_CURRENT_VERSION = 1;
				DYLIB_INSTALL_NAME_BASE = "@rpath";
				FRAMEWORK_VERSION = A;
				GCC_C_LANGUAGE_STANDARD = gnu11;
				INFOPLIST_FILE = EVReflectionCloudKitMacOS/Info.plist;
				INSTALL_PATH = "$(LOCAL_LIBRARY_DIR)/Frameworks";
				LD_RUNPATH_SEARCH_PATHS = "$(inherited) @executable_path/../Frameworks @loader_path/Frameworks";
				MACOSX_DEPLOYMENT_TARGET = 10.10;
				PRODUCT_BUNDLE_IDENTIFIER = nl.evict.EVReflectionCloudKitMacOS;
				PRODUCT_NAME = EVReflection_CloudKit;
				SDKROOT = macosx;
				SKIP_INSTALL = YES;
				SWIFT_VERSION = 4.0;
				VERSIONING_SYSTEM = "apple-generic";
				VERSION_INFO_PREFIX = "";
			};
			name = Release;
		};
/* End XCBuildConfiguration section */

/* Begin XCConfigurationList section */
		2DC8AA521C24215500FA6B8E /* Build configuration list for PBXNativeTarget "EVReflection_iOS" */ = {
			isa = XCConfigurationList;
			buildConfigurations = (
				2DC8AA4E1C24215500FA6B8E /* Debug */,
				2DC8AA4F1C24215500FA6B8E /* Release */,
			);
			defaultConfigurationIsVisible = 0;
			defaultConfigurationName = Release;
		};
		2DC8AA741C242E0600FA6B8E /* Build configuration list for PBXNativeTarget "EVReflection_MacOS" */ = {
			isa = XCConfigurationList;
			buildConfigurations = (
				2DC8AA751C242E0600FA6B8E /* Debug */,
				2DC8AA761C242E0600FA6B8E /* Release */,
			);
			defaultConfigurationIsVisible = 0;
			defaultConfigurationName = Release;
		};
		7F07C5581AF101A9000DF1F3 /* Build configuration list for PBXProject "Carthage" */ = {
			isa = XCConfigurationList;
			buildConfigurations = (
				7F07C57A1AF101A9000DF1F3 /* Debug */,
				7F07C57B1AF101A9000DF1F3 /* Release */,
			);
			defaultConfigurationIsVisible = 0;
			defaultConfigurationName = Release;
		};
		7F9336BF1C28227400AF7076 /* Build configuration list for PBXNativeTarget "EVReflection_TVOS" */ = {
			isa = XCConfigurationList;
			buildConfigurations = (
				7F9336C01C28227400AF7076 /* Debug */,
				7F9336C11C28227400AF7076 /* Release */,
			);
			defaultConfigurationIsVisible = 0;
			defaultConfigurationName = Release;
		};
		7FD67D901C288B560071234B /* Build configuration list for PBXNativeTarget "EVReflection_WatchOS" */ = {
			isa = XCConfigurationList;
			buildConfigurations = (
				7FD67D911C288B560071234B /* Debug */,
				7FD67D921C288B560071234B /* Release */,
			);
			defaultConfigurationIsVisible = 0;
			defaultConfigurationName = Release;
		};
		D06F6D8A1F5E414B0061ACB2 /* Build configuration list for PBXNativeTarget "EVReflection_CloudKit_iOS" */ = {
			isa = XCConfigurationList;
			buildConfigurations = (
				D06F6D861F5E414B0061ACB2 /* Debug */,
				D06F6D871F5E414B0061ACB2 /* Release */,
			);
			defaultConfigurationIsVisible = 0;
			defaultConfigurationName = Release;
		};
		D09860F41F76DE7700275D18 /* Build configuration list for PBXNativeTarget "EVReflection_CloudKit_MacOS" */ = {
			isa = XCConfigurationList;
			buildConfigurations = (
				D09860F51F76DE7700275D18 /* Debug */,
				D09860F61F76DE7700275D18 /* Release */,
			);
			defaultConfigurationIsVisible = 0;
			defaultConfigurationName = Release;
		};
/* End XCConfigurationList section */
	};
	rootObject = 7F07C5551AF101A9000DF1F3 /* Project object */;
}
